// !$*UTF8*$!
{
	archiveVersion = 1;
	classes = {
	};
	objectVersion = 50;
	objects = {

/* Begin PBXBuildFile section */
		A6206F6825B8B5A7003ECBF6 /* DatePicker.swift in Sources */ = {isa = PBXBuildFile; fileRef = A6206F6725B8B5A7003ECBF6 /* DatePicker.swift */; };
		A62484B825A89ADD00CD62DF /* ExpenseByMonthModel.swift in Sources */ = {isa = PBXBuildFile; fileRef = A62484B725A89ADD00CD62DF /* ExpenseByMonthModel.swift */; };
		A62484C225A89BCD00CD62DF /* ExpenseByMonthManager.swift in Sources */ = {isa = PBXBuildFile; fileRef = A62484C125A89BCD00CD62DF /* ExpenseByMonthManager.swift */; };
		A6295BE825B0AA570095B742 /* MonthlyExpenseByTypeCollectionViewCell.swift in Sources */ = {isa = PBXBuildFile; fileRef = A6295BE725B0AA570095B742 /* MonthlyExpenseByTypeCollectionViewCell.swift */; };
		A62F9CCB25B5B4D80070C9AA /* ExpenseTracker.xcdatamodeld in Resources */ = {isa = PBXBuildFile; fileRef = A659849525A39BAA005E6AAE /* ExpenseTracker.xcdatamodeld */; };
		A62F9CDD25B5C73A0070C9AA /* CardsCollectionViewCell.swift in Sources */ = {isa = PBXBuildFile; fileRef = A62F9CDC25B5C73A0070C9AA /* CardsCollectionViewCell.swift */; };
		A62F9CED25B5CB7D0070C9AA /* CardsViewController.swift in Sources */ = {isa = PBXBuildFile; fileRef = A62F9CEC25B5CB7D0070C9AA /* CardsViewController.swift */; };
		A643D71325B584C70031A15D /* AddCardViewController.swift in Sources */ = {isa = PBXBuildFile; fileRef = A643D71225B584C70031A15D /* AddCardViewController.swift */; };
		A643D71925B58EB80031A15D /* CardManager.swift in Sources */ = {isa = PBXBuildFile; fileRef = A643D71825B58EB80031A15D /* CardManager.swift */; };
		A659848D25A39BAA005E6AAE /* AppDelegate.swift in Sources */ = {isa = PBXBuildFile; fileRef = A659848C25A39BAA005E6AAE /* AppDelegate.swift */; };
		A659848F25A39BAA005E6AAE /* SceneDelegate.swift in Sources */ = {isa = PBXBuildFile; fileRef = A659848E25A39BAA005E6AAE /* SceneDelegate.swift */; };
		A659849125A39BAA005E6AAE /* AddExpenseViewController.swift in Sources */ = {isa = PBXBuildFile; fileRef = A659849025A39BAA005E6AAE /* AddExpenseViewController.swift */; };
		A659849425A39BAA005E6AAE /* Main.storyboard in Resources */ = {isa = PBXBuildFile; fileRef = A659849225A39BAA005E6AAE /* Main.storyboard */; };
		A659849925A39BAB005E6AAE /* Assets.xcassets in Resources */ = {isa = PBXBuildFile; fileRef = A659849825A39BAB005E6AAE /* Assets.xcassets */; };
		A659849C25A39BAB005E6AAE /* LaunchScreen.storyboard in Resources */ = {isa = PBXBuildFile; fileRef = A659849A25A39BAB005E6AAE /* LaunchScreen.storyboard */; };
		A65984A725A39BAC005E6AAE /* ExpenseTrackerTests.swift in Sources */ = {isa = PBXBuildFile; fileRef = A65984A625A39BAC005E6AAE /* ExpenseTrackerTests.swift */; };
		A65984B225A39BAC005E6AAE /* ExpenseTrackerUITests.swift in Sources */ = {isa = PBXBuildFile; fileRef = A65984B125A39BAC005E6AAE /* ExpenseTrackerUITests.swift */; };
		A65984E025A3B57C005E6AAE /* ExpensesViewController.swift in Sources */ = {isa = PBXBuildFile; fileRef = A65984DF25A3B57C005E6AAE /* ExpensesViewController.swift */; };
		A65984E525A47025005E6AAE /* ExpenseTableViewCell.swift in Sources */ = {isa = PBXBuildFile; fileRef = A65984E425A47025005E6AAE /* ExpenseTableViewCell.swift */; };
		A65984EA25A472D9005E6AAE /* MonthlyExpenseOverview.swift in Sources */ = {isa = PBXBuildFile; fileRef = A65984E925A472D9005E6AAE /* MonthlyExpenseOverview.swift */; };
		A65984F425A47B4A005E6AAE /* ExpenseManager.swift in Sources */ = {isa = PBXBuildFile; fileRef = A65984F325A47B4A005E6AAE /* ExpenseManager.swift */; };
		A65CB4A925ACA7EC00674AD4 /* ExpenseByTypeCVCell.swift in Sources */ = {isa = PBXBuildFile; fileRef = A65CB4A825ACA7EC00674AD4 /* ExpenseByTypeCVCell.swift */; };
		A65CB4BF25ACAB5C00674AD4 /* ExpenseByCardManger.swift in Sources */ = {isa = PBXBuildFile; fileRef = A65CB4BE25ACAB5C00674AD4 /* ExpenseByCardManger.swift */; };
		A66E9DE3265C2A44000A8761 /* AddExpenseVCExtensions.swift in Sources */ = {isa = PBXBuildFile; fileRef = A66E9DE2265C2A44000A8761 /* AddExpenseVCExtensions.swift */; };
		A66FBD3F25ACAE3800731680 /* ExpenseByTypeModel.swift in Sources */ = {isa = PBXBuildFile; fileRef = A66FBD3E25ACAE3700731680 /* ExpenseByTypeModel.swift */; };
		A66FBD4425ACE3CE00731680 /* CVFlowLayoutDelegate.swift in Sources */ = {isa = PBXBuildFile; fileRef = A66FBD4325ACE3CE00731680 /* CVFlowLayoutDelegate.swift */; };
		A66FBD5525ACE58100731680 /* CVDataSource.swift in Sources */ = {isa = PBXBuildFile; fileRef = A66FBD5425ACE58100731680 /* CVDataSource.swift */; };
		A66FBD5A25ACE5DE00731680 /* AddExpenseDatePicker.swift in Sources */ = {isa = PBXBuildFile; fileRef = A66FBD5925ACE5DE00731680 /* AddExpenseDatePicker.swift */; };
		A66FBD5F25ACE63200731680 /* AddExpenseUtility.swift in Sources */ = {isa = PBXBuildFile; fileRef = A66FBD5E25ACE63200731680 /* AddExpenseUtility.swift */; };
		A66FBD6425ACE65F00731680 /* UIPickerViewDataSource.swift in Sources */ = {isa = PBXBuildFile; fileRef = A66FBD6325ACE65F00731680 /* UIPickerViewDataSource.swift */; };
		A66FBD6925ACE77700731680 /* UIPickerView.swift in Sources */ = {isa = PBXBuildFile; fileRef = A66FBD6825ACE77700731680 /* UIPickerView.swift */; };
		A687848825AF242E006487C3 /* CloudKit.framework in Frameworks */ = {isa = PBXBuildFile; fileRef = A687848725AF242E006487C3 /* CloudKit.framework */; };
		A6A3593F25A5E659008F68E2 /* MonthlyExpenseByTypeCollectionView.swift in Sources */ = {isa = PBXBuildFile; fileRef = A6A3593E25A5E659008F68E2 /* MonthlyExpenseByTypeCollectionView.swift */; };
		A6AF361B25B61845004F80FB /* Card+CoreDataClass.swift in Sources */ = {isa = PBXBuildFile; fileRef = A6AF361725B61845004F80FB /* Card+CoreDataClass.swift */; };
		A6AF361C25B61845004F80FB /* Card+CoreDataProperties.swift in Sources */ = {isa = PBXBuildFile; fileRef = A6AF361825B61845004F80FB /* Card+CoreDataProperties.swift */; };
		A6AF361D25B61845004F80FB /* Expense+CoreDataClass.swift in Sources */ = {isa = PBXBuildFile; fileRef = A6AF361925B61845004F80FB /* Expense+CoreDataClass.swift */; };
		A6AF361E25B61845004F80FB /* Expense+CoreDataProperties.swift in Sources */ = {isa = PBXBuildFile; fileRef = A6AF361A25B61845004F80FB /* Expense+CoreDataProperties.swift */; };
		A6BC36B825C13A04009D1087 /* Event.swift in Sources */ = {isa = PBXBuildFile; fileRef = A6BC36B725C13A04009D1087 /* Event.swift */; };
		A6D12AC025A84DD6003DD31F /* Extensions.swift in Sources */ = {isa = PBXBuildFile; fileRef = A6D12ABF25A84DD6003DD31F /* Extensions.swift */; };
		A6D12ACB25A8806D003DD31F /* ExpenseByMonthCVCell.swift in Sources */ = {isa = PBXBuildFile; fileRef = A6D12ACA25A8806C003DD31F /* ExpenseByMonthCVCell.swift */; };
		A6D280C626516EAE0057AF85 /* CardsDataSource.swift in Sources */ = {isa = PBXBuildFile; fileRef = A6D280C526516EAE0057AF85 /* CardsDataSource.swift */; };
		A6D280D72651A8EA0057AF85 /* CVExpenseByMonthDataSource.swift in Sources */ = {isa = PBXBuildFile; fileRef = A6D280D62651A8EA0057AF85 /* CVExpenseByMonthDataSource.swift */; };
		A6D280DF2651A90D0057AF85 /* CVExpenseCardDataSource.swift in Sources */ = {isa = PBXBuildFile; fileRef = A6D280DE2651A90D0057AF85 /* CVExpenseCardDataSource.swift */; };
		A6D280EE2651AE050057AF85 /* PVExpenseTypeDataSource.swift in Sources */ = {isa = PBXBuildFile; fileRef = A6D280ED2651AE050057AF85 /* PVExpenseTypeDataSource.swift */; };
		A6D280F62651AE1B0057AF85 /* PVCardeTypeDataSource.swift in Sources */ = {isa = PBXBuildFile; fileRef = A6D280F52651AE1B0057AF85 /* PVCardeTypeDataSource.swift */; };
		A6D280FB2651AE2E0057AF85 /* PVCardTypeDataSource.swift in Sources */ = {isa = PBXBuildFile; fileRef = A6D280FA2651AE2E0057AF85 /* PVCardTypeDataSource.swift */; };
		A6DE678C25B18B0D00E0F062 /* DynamicValue.swift in Sources */ = {isa = PBXBuildFile; fileRef = A6DE678B25B18B0D00E0F062 /* DynamicValue.swift */; };
		A6FE16B125B9C7DE00CE3EA6 /* CardDetailsViewController.swift in Sources */ = {isa = PBXBuildFile; fileRef = A6FE16B025B9C7DE00CE3EA6 /* CardDetailsViewController.swift */; };
/* End PBXBuildFile section */

/* Begin PBXContainerItemProxy section */
		A65984A325A39BAC005E6AAE /* PBXContainerItemProxy */ = {
			isa = PBXContainerItemProxy;
			containerPortal = A659848125A39BAA005E6AAE /* Project object */;
			proxyType = 1;
			remoteGlobalIDString = A659848825A39BAA005E6AAE;
			remoteInfo = ExpenseTracker;
		};
		A65984AE25A39BAC005E6AAE /* PBXContainerItemProxy */ = {
			isa = PBXContainerItemProxy;
			containerPortal = A659848125A39BAA005E6AAE /* Project object */;
			proxyType = 1;
			remoteGlobalIDString = A659848825A39BAA005E6AAE;
			remoteInfo = ExpenseTracker;
		};
/* End PBXContainerItemProxy section */

/* Begin PBXFileReference section */
		A6206F6725B8B5A7003ECBF6 /* DatePicker.swift */ = {isa = PBXFileReference; lastKnownFileType = sourcecode.swift; path = DatePicker.swift; sourceTree = "<group>"; };
		A62484B725A89ADD00CD62DF /* ExpenseByMonthModel.swift */ = {isa = PBXFileReference; lastKnownFileType = sourcecode.swift; path = ExpenseByMonthModel.swift; sourceTree = "<group>"; };
		A62484C125A89BCD00CD62DF /* ExpenseByMonthManager.swift */ = {isa = PBXFileReference; fileEncoding = 4; lastKnownFileType = sourcecode.swift; path = ExpenseByMonthManager.swift; sourceTree = "<group>"; };
		A6295BE725B0AA570095B742 /* MonthlyExpenseByTypeCollectionViewCell.swift */ = {isa = PBXFileReference; lastKnownFileType = sourcecode.swift; path = MonthlyExpenseByTypeCollectionViewCell.swift; sourceTree = "<group>"; };
		A62F9CDC25B5C73A0070C9AA /* CardsCollectionViewCell.swift */ = {isa = PBXFileReference; lastKnownFileType = sourcecode.swift; path = CardsCollectionViewCell.swift; sourceTree = "<group>"; };
		A62F9CEC25B5CB7D0070C9AA /* CardsViewController.swift */ = {isa = PBXFileReference; lastKnownFileType = sourcecode.swift; path = CardsViewController.swift; sourceTree = "<group>"; };
		A643D71225B584C70031A15D /* AddCardViewController.swift */ = {isa = PBXFileReference; lastKnownFileType = sourcecode.swift; path = AddCardViewController.swift; sourceTree = "<group>"; };
		A643D71825B58EB80031A15D /* CardManager.swift */ = {isa = PBXFileReference; lastKnownFileType = sourcecode.swift; path = CardManager.swift; sourceTree = "<group>"; };
		A659848925A39BAA005E6AAE /* ExpenseTracker.app */ = {isa = PBXFileReference; explicitFileType = wrapper.application; includeInIndex = 0; path = ExpenseTracker.app; sourceTree = BUILT_PRODUCTS_DIR; };
		A659848C25A39BAA005E6AAE /* AppDelegate.swift */ = {isa = PBXFileReference; lastKnownFileType = sourcecode.swift; path = AppDelegate.swift; sourceTree = "<group>"; };
		A659848E25A39BAA005E6AAE /* SceneDelegate.swift */ = {isa = PBXFileReference; lastKnownFileType = sourcecode.swift; path = SceneDelegate.swift; sourceTree = "<group>"; };
		A659849025A39BAA005E6AAE /* AddExpenseViewController.swift */ = {isa = PBXFileReference; lastKnownFileType = sourcecode.swift; path = AddExpenseViewController.swift; sourceTree = "<group>"; };
		A659849325A39BAA005E6AAE /* Base */ = {isa = PBXFileReference; lastKnownFileType = file.storyboard; name = Base; path = Base.lproj/Main.storyboard; sourceTree = "<group>"; };
		A659849625A39BAA005E6AAE /* ExpenseTracker.xcdatamodel */ = {isa = PBXFileReference; lastKnownFileType = wrapper.xcdatamodel; path = ExpenseTracker.xcdatamodel; sourceTree = "<group>"; };
		A659849825A39BAB005E6AAE /* Assets.xcassets */ = {isa = PBXFileReference; lastKnownFileType = folder.assetcatalog; path = Assets.xcassets; sourceTree = "<group>"; };
		A659849B25A39BAB005E6AAE /* Base */ = {isa = PBXFileReference; lastKnownFileType = file.storyboard; name = Base; path = Base.lproj/LaunchScreen.storyboard; sourceTree = "<group>"; };
		A659849D25A39BAB005E6AAE /* Info.plist */ = {isa = PBXFileReference; lastKnownFileType = text.plist.xml; path = Info.plist; sourceTree = "<group>"; };
		A65984A225A39BAC005E6AAE /* ExpenseTrackerTests.xctest */ = {isa = PBXFileReference; explicitFileType = wrapper.cfbundle; includeInIndex = 0; path = ExpenseTrackerTests.xctest; sourceTree = BUILT_PRODUCTS_DIR; };
		A65984A625A39BAC005E6AAE /* ExpenseTrackerTests.swift */ = {isa = PBXFileReference; lastKnownFileType = sourcecode.swift; path = ExpenseTrackerTests.swift; sourceTree = "<group>"; };
		A65984A825A39BAC005E6AAE /* Info.plist */ = {isa = PBXFileReference; lastKnownFileType = text.plist.xml; path = Info.plist; sourceTree = "<group>"; };
		A65984AD25A39BAC005E6AAE /* ExpenseTrackerUITests.xctest */ = {isa = PBXFileReference; explicitFileType = wrapper.cfbundle; includeInIndex = 0; path = ExpenseTrackerUITests.xctest; sourceTree = BUILT_PRODUCTS_DIR; };
		A65984B125A39BAC005E6AAE /* ExpenseTrackerUITests.swift */ = {isa = PBXFileReference; lastKnownFileType = sourcecode.swift; path = ExpenseTrackerUITests.swift; sourceTree = "<group>"; };
		A65984B325A39BAC005E6AAE /* Info.plist */ = {isa = PBXFileReference; lastKnownFileType = text.plist.xml; path = Info.plist; sourceTree = "<group>"; };
		A65984DF25A3B57C005E6AAE /* ExpensesViewController.swift */ = {isa = PBXFileReference; lastKnownFileType = sourcecode.swift; path = ExpensesViewController.swift; sourceTree = "<group>"; };
		A65984E425A47025005E6AAE /* ExpenseTableViewCell.swift */ = {isa = PBXFileReference; lastKnownFileType = sourcecode.swift; path = ExpenseTableViewCell.swift; sourceTree = "<group>"; };
		A65984E925A472D9005E6AAE /* MonthlyExpenseOverview.swift */ = {isa = PBXFileReference; lastKnownFileType = sourcecode.swift; path = MonthlyExpenseOverview.swift; sourceTree = "<group>"; };
		A65984F325A47B4A005E6AAE /* ExpenseManager.swift */ = {isa = PBXFileReference; lastKnownFileType = sourcecode.swift; path = ExpenseManager.swift; sourceTree = "<group>"; };
		A65CB4A825ACA7EC00674AD4 /* ExpenseByTypeCVCell.swift */ = {isa = PBXFileReference; lastKnownFileType = sourcecode.swift; path = ExpenseByTypeCVCell.swift; sourceTree = "<group>"; };
		A65CB4BE25ACAB5C00674AD4 /* ExpenseByCardManger.swift */ = {isa = PBXFileReference; lastKnownFileType = sourcecode.swift; path = ExpenseByCardManger.swift; sourceTree = "<group>"; };
		A66E9DE2265C2A44000A8761 /* AddExpenseVCExtensions.swift */ = {isa = PBXFileReference; lastKnownFileType = sourcecode.swift; path = AddExpenseVCExtensions.swift; sourceTree = "<group>"; };
		A66FBD3E25ACAE3700731680 /* ExpenseByTypeModel.swift */ = {isa = PBXFileReference; lastKnownFileType = sourcecode.swift; path = ExpenseByTypeModel.swift; sourceTree = "<group>"; };
		A66FBD4325ACE3CE00731680 /* CVFlowLayoutDelegate.swift */ = {isa = PBXFileReference; lastKnownFileType = sourcecode.swift; path = CVFlowLayoutDelegate.swift; sourceTree = "<group>"; };
		A66FBD5425ACE58100731680 /* CVDataSource.swift */ = {isa = PBXFileReference; lastKnownFileType = sourcecode.swift; path = CVDataSource.swift; sourceTree = "<group>"; };
		A66FBD5925ACE5DE00731680 /* AddExpenseDatePicker.swift */ = {isa = PBXFileReference; lastKnownFileType = sourcecode.swift; path = AddExpenseDatePicker.swift; sourceTree = "<group>"; };
		A66FBD5E25ACE63200731680 /* AddExpenseUtility.swift */ = {isa = PBXFileReference; lastKnownFileType = sourcecode.swift; path = AddExpenseUtility.swift; sourceTree = "<group>"; };
		A66FBD6325ACE65F00731680 /* UIPickerViewDataSource.swift */ = {isa = PBXFileReference; lastKnownFileType = sourcecode.swift; path = UIPickerViewDataSource.swift; sourceTree = "<group>"; };
		A66FBD6825ACE77700731680 /* UIPickerView.swift */ = {isa = PBXFileReference; lastKnownFileType = sourcecode.swift; path = UIPickerView.swift; sourceTree = "<group>"; };
		A687848725AF242E006487C3 /* CloudKit.framework */ = {isa = PBXFileReference; lastKnownFileType = wrapper.framework; name = CloudKit.framework; path = System/Library/Frameworks/CloudKit.framework; sourceTree = SDKROOT; };
		A687849225AF34B4006487C3 /* ET-1.xcdatamodel */ = {isa = PBXFileReference; lastKnownFileType = wrapper.xcdatamodel; path = "ET-1.xcdatamodel"; sourceTree = "<group>"; };
		A6A3593E25A5E659008F68E2 /* MonthlyExpenseByTypeCollectionView.swift */ = {isa = PBXFileReference; lastKnownFileType = sourcecode.swift; path = MonthlyExpenseByTypeCollectionView.swift; sourceTree = "<group>"; };
		A6AF361725B61845004F80FB /* Card+CoreDataClass.swift */ = {isa = PBXFileReference; lastKnownFileType = sourcecode.swift; path = "Card+CoreDataClass.swift"; sourceTree = "<group>"; };
		A6AF361825B61845004F80FB /* Card+CoreDataProperties.swift */ = {isa = PBXFileReference; lastKnownFileType = sourcecode.swift; path = "Card+CoreDataProperties.swift"; sourceTree = "<group>"; };
		A6AF361925B61845004F80FB /* Expense+CoreDataClass.swift */ = {isa = PBXFileReference; lastKnownFileType = sourcecode.swift; path = "Expense+CoreDataClass.swift"; sourceTree = "<group>"; };
		A6AF361A25B61845004F80FB /* Expense+CoreDataProperties.swift */ = {isa = PBXFileReference; lastKnownFileType = sourcecode.swift; path = "Expense+CoreDataProperties.swift"; sourceTree = "<group>"; };
		A6BC36B725C13A04009D1087 /* Event.swift */ = {isa = PBXFileReference; lastKnownFileType = sourcecode.swift; path = Event.swift; sourceTree = "<group>"; };
		A6D12ABF25A84DD6003DD31F /* Extensions.swift */ = {isa = PBXFileReference; lastKnownFileType = sourcecode.swift; path = Extensions.swift; sourceTree = "<group>"; };
		A6D12ACA25A8806C003DD31F /* ExpenseByMonthCVCell.swift */ = {isa = PBXFileReference; lastKnownFileType = sourcecode.swift; path = ExpenseByMonthCVCell.swift; sourceTree = "<group>"; };
		A6D280C526516EAE0057AF85 /* CardsDataSource.swift */ = {isa = PBXFileReference; lastKnownFileType = sourcecode.swift; path = CardsDataSource.swift; sourceTree = "<group>"; };
		A6D280D62651A8EA0057AF85 /* CVExpenseByMonthDataSource.swift */ = {isa = PBXFileReference; lastKnownFileType = sourcecode.swift; path = CVExpenseByMonthDataSource.swift; sourceTree = "<group>"; };
		A6D280DE2651A90D0057AF85 /* CVExpenseCardDataSource.swift */ = {isa = PBXFileReference; lastKnownFileType = sourcecode.swift; path = CVExpenseCardDataSource.swift; sourceTree = "<group>"; };
		A6D280ED2651AE050057AF85 /* PVExpenseTypeDataSource.swift */ = {isa = PBXFileReference; lastKnownFileType = sourcecode.swift; path = PVExpenseTypeDataSource.swift; sourceTree = "<group>"; };
		A6D280F52651AE1B0057AF85 /* PVCardeTypeDataSource.swift */ = {isa = PBXFileReference; lastKnownFileType = sourcecode.swift; path = PVCardeTypeDataSource.swift; sourceTree = "<group>"; };
		A6D280FA2651AE2E0057AF85 /* PVCardTypeDataSource.swift */ = {isa = PBXFileReference; lastKnownFileType = sourcecode.swift; path = PVCardTypeDataSource.swift; sourceTree = "<group>"; };
		A6DE678B25B18B0D00E0F062 /* DynamicValue.swift */ = {isa = PBXFileReference; lastKnownFileType = sourcecode.swift; path = DynamicValue.swift; sourceTree = "<group>"; };
		A6FE16B025B9C7DE00CE3EA6 /* CardDetailsViewController.swift */ = {isa = PBXFileReference; lastKnownFileType = sourcecode.swift; path = CardDetailsViewController.swift; sourceTree = "<group>"; };
/* End PBXFileReference section */

/* Begin PBXFrameworksBuildPhase section */
		A659848625A39BAA005E6AAE /* Frameworks */ = {
			isa = PBXFrameworksBuildPhase;
			buildActionMask = 2147483647;
			files = (
				A687848825AF242E006487C3 /* CloudKit.framework in Frameworks */,
			);
			runOnlyForDeploymentPostprocessing = 0;
		};
		A659849F25A39BAC005E6AAE /* Frameworks */ = {
			isa = PBXFrameworksBuildPhase;
			buildActionMask = 2147483647;
			files = (
			);
			runOnlyForDeploymentPostprocessing = 0;
		};
		A65984AA25A39BAC005E6AAE /* Frameworks */ = {
			isa = PBXFrameworksBuildPhase;
			buildActionMask = 2147483647;
			files = (
			);
			runOnlyForDeploymentPostprocessing = 0;
		};
/* End PBXFrameworksBuildPhase section */

/* Begin PBXGroup section */
		A62484CB25AA160600CD62DF /* Expense */ = {
			isa = PBXGroup;
			children = (
				A6295BE625B0A9D10095B742 /* MonthlyExpenseByType */,
				A65CB4A625ACA73300674AD4 /* ExpenseByType */,
				A62484CD25AA169900CD62DF /* ExpenseByMonth */,
				A6D280CD2651A71A0057AF85 /* Add Expense */,
				A65CB4B725ACA89800674AD4 /* Managers */,
				A65984DF25A3B57C005E6AAE /* ExpensesViewController.swift */,
				A65984E425A47025005E6AAE /* ExpenseTableViewCell.swift */,
				A66FBD5425ACE58100731680 /* CVDataSource.swift */,
				A66FBD6325ACE65F00731680 /* UIPickerViewDataSource.swift */,
				A66FBD6825ACE77700731680 /* UIPickerView.swift */,
			);
			path = Expense;
			sourceTree = "<group>";
		};
		A62484CD25AA169900CD62DF /* ExpenseByMonth */ = {
			isa = PBXGroup;
			children = (
				A6D280D52651A8BE0057AF85 /* DataSource */,
				A65CB4B625ACA88700674AD4 /* Manages */,
				A6D12ACA25A8806C003DD31F /* ExpenseByMonthCVCell.swift */,
				A65984E925A472D9005E6AAE /* MonthlyExpenseOverview.swift */,
			);
			path = ExpenseByMonth;
			sourceTree = "<group>";
		};
		A62484CE25AA16FA00CD62DF /* Scene */ = {
			isa = PBXGroup;
			children = (
				A659849225A39BAA005E6AAE /* Main.storyboard */,
				A659849A25A39BAB005E6AAE /* LaunchScreen.storyboard */,
				A659848C25A39BAA005E6AAE /* AppDelegate.swift */,
				A659848E25A39BAA005E6AAE /* SceneDelegate.swift */,
			);
			path = Scene;
			sourceTree = "<group>";
		};
		A6295BE625B0A9D10095B742 /* MonthlyExpenseByType */ = {
			isa = PBXGroup;
			children = (
				A6A3593E25A5E659008F68E2 /* MonthlyExpenseByTypeCollectionView.swift */,
				A6295BE725B0AA570095B742 /* MonthlyExpenseByTypeCollectionViewCell.swift */,
			);
			path = MonthlyExpenseByType;
			sourceTree = "<group>";
		};
		A643D71125B5849B0031A15D /* Card */ = {
			isa = PBXGroup;
			children = (
				A6D280C426516E710057AF85 /* DataSource */,
				A6D280BD2651693A0057AF85 /* Models */,
				A6FE16AF25B9C7C300CE3EA6 /* CardDetail */,
				A6D280BC265168E40057AF85 /* Cards */,
				A6D280BB265168D20057AF85 /* AddCard */,
				A643D71725B58D360031A15D /* Manager */,
			);
			path = Card;
			sourceTree = "<group>";
		};
		A643D71725B58D360031A15D /* Manager */ = {
			isa = PBXGroup;
			children = (
				A643D71825B58EB80031A15D /* CardManager.swift */,
			);
			path = Manager;
			sourceTree = "<group>";
		};
		A659848025A39BAA005E6AAE = {
			isa = PBXGroup;
			children = (
				A659848B25A39BAA005E6AAE /* ExpenseTracker */,
				A65984A525A39BAC005E6AAE /* ExpenseTrackerTests */,
				A65984B025A39BAC005E6AAE /* ExpenseTrackerUITests */,
				A659848A25A39BAA005E6AAE /* Products */,
				A687848625AF242E006487C3 /* Frameworks */,
			);
			sourceTree = "<group>";
		};
		A659848A25A39BAA005E6AAE /* Products */ = {
			isa = PBXGroup;
			children = (
				A659848925A39BAA005E6AAE /* ExpenseTracker.app */,
				A65984A225A39BAC005E6AAE /* ExpenseTrackerTests.xctest */,
				A65984AD25A39BAC005E6AAE /* ExpenseTrackerUITests.xctest */,
			);
			name = Products;
			sourceTree = "<group>";
		};
		A659848B25A39BAA005E6AAE /* ExpenseTracker */ = {
			isa = PBXGroup;
			children = (
				A6BC36B625C139F0009D1087 /* Utility */,
				A643D71125B5849B0031A15D /* Card */,
				A6DE678A25B18AE900E0F062 /* Helpers */,
				A62484CB25AA160600CD62DF /* Expense */,
				A6D12ABE25A84DB2003DD31F /* Extensions */,
				A6E231C925A4CBCB00C0CA64 /* Models */,
				A659849825A39BAB005E6AAE /* Assets.xcassets */,
				A659849D25A39BAB005E6AAE /* Info.plist */,
				A659849525A39BAA005E6AAE /* ExpenseTracker.xcdatamodeld */,
				A62484CE25AA16FA00CD62DF /* Scene */,
			);
			path = ExpenseTracker;
			sourceTree = "<group>";
		};
		A65984A525A39BAC005E6AAE /* ExpenseTrackerTests */ = {
			isa = PBXGroup;
			children = (
				A65984A625A39BAC005E6AAE /* ExpenseTrackerTests.swift */,
				A65984A825A39BAC005E6AAE /* Info.plist */,
			);
			path = ExpenseTrackerTests;
			sourceTree = "<group>";
		};
		A65984B025A39BAC005E6AAE /* ExpenseTrackerUITests */ = {
			isa = PBXGroup;
			children = (
				A65984B125A39BAC005E6AAE /* ExpenseTrackerUITests.swift */,
				A65984B325A39BAC005E6AAE /* Info.plist */,
			);
			path = ExpenseTrackerUITests;
			sourceTree = "<group>";
		};
		A65CB4A625ACA73300674AD4 /* ExpenseByType */ = {
			isa = PBXGroup;
			children = (
				A6D280D42651A8B30057AF85 /* DataSource */,
				A65CB4C325ACAB6700674AD4 /* Manager */,
				A65CB4A825ACA7EC00674AD4 /* ExpenseByTypeCVCell.swift */,
			);
			path = ExpenseByType;
			sourceTree = "<group>";
		};
		A65CB4B625ACA88700674AD4 /* Manages */ = {
			isa = PBXGroup;
			children = (
				A62484C125A89BCD00CD62DF /* ExpenseByMonthManager.swift */,
			);
			path = Manages;
			sourceTree = "<group>";
		};
		A65CB4B725ACA89800674AD4 /* Managers */ = {
			isa = PBXGroup;
			children = (
				A65984F325A47B4A005E6AAE /* ExpenseManager.swift */,
			);
			path = Managers;
			sourceTree = "<group>";
		};
		A65CB4C325ACAB6700674AD4 /* Manager */ = {
			isa = PBXGroup;
			children = (
				A65CB4BE25ACAB5C00674AD4 /* ExpenseByCardManger.swift */,
			);
			path = Manager;
			sourceTree = "<group>";
		};
		A687848625AF242E006487C3 /* Frameworks */ = {
			isa = PBXGroup;
			children = (
				A687848725AF242E006487C3 /* CloudKit.framework */,
			);
			name = Frameworks;
			sourceTree = "<group>";
		};
		A6BC36B625C139F0009D1087 /* Utility */ = {
			isa = PBXGroup;
			children = (
				A6BC36B725C13A04009D1087 /* Event.swift */,
			);
			path = Utility;
			sourceTree = "<group>";
		};
		A6D12ABE25A84DB2003DD31F /* Extensions */ = {
			isa = PBXGroup;
			children = (
				A6D12ABF25A84DD6003DD31F /* Extensions.swift */,
			);
			path = Extensions;
			sourceTree = "<group>";
		};
		A6D280BB265168D20057AF85 /* AddCard */ = {
			isa = PBXGroup;
			children = (
				A6206F6725B8B5A7003ECBF6 /* DatePicker.swift */,
				A643D71225B584C70031A15D /* AddCardViewController.swift */,
			);
			path = AddCard;
			sourceTree = "<group>";
		};
		A6D280BC265168E40057AF85 /* Cards */ = {
			isa = PBXGroup;
			children = (
				A62F9CEC25B5CB7D0070C9AA /* CardsViewController.swift */,
				A62F9CDC25B5C73A0070C9AA /* CardsCollectionViewCell.swift */,
			);
			path = Cards;
			sourceTree = "<group>";
		};
		A6D280BD2651693A0057AF85 /* Models */ = {
			isa = PBXGroup;
			children = (
				A6AF361725B61845004F80FB /* Card+CoreDataClass.swift */,
				A6AF361825B61845004F80FB /* Card+CoreDataProperties.swift */,
			);
			path = Models;
			sourceTree = "<group>";
		};
		A6D280C426516E710057AF85 /* DataSource */ = {
			isa = PBXGroup;
			children = (
				A6D280C526516EAE0057AF85 /* CardsDataSource.swift */,
			);
			path = DataSource;
			sourceTree = "<group>";
		};
		A6D280CD2651A71A0057AF85 /* Add Expense */ = {
			isa = PBXGroup;
			children = (
				A6D280EC2651ADE20057AF85 /* DataSource */,
				A66FBD4325ACE3CE00731680 /* CVFlowLayoutDelegate.swift */,
				A66FBD5E25ACE63200731680 /* AddExpenseUtility.swift */,
				A659849025A39BAA005E6AAE /* AddExpenseViewController.swift */,
				A66FBD5925ACE5DE00731680 /* AddExpenseDatePicker.swift */,
				A66E9DE2265C2A44000A8761 /* AddExpenseVCExtensions.swift */,
			);
			path = "Add Expense";
			sourceTree = "<group>";
		};
		A6D280D42651A8B30057AF85 /* DataSource */ = {
			isa = PBXGroup;
			children = (
				A6D280DE2651A90D0057AF85 /* CVExpenseCardDataSource.swift */,
			);
			path = DataSource;
			sourceTree = "<group>";
		};
		A6D280D52651A8BE0057AF85 /* DataSource */ = {
			isa = PBXGroup;
			children = (
				A6D280D62651A8EA0057AF85 /* CVExpenseByMonthDataSource.swift */,
			);
			path = DataSource;
			sourceTree = "<group>";
		};
		A6D280EC2651ADE20057AF85 /* DataSource */ = {
			isa = PBXGroup;
			children = (
				A6D280ED2651AE050057AF85 /* PVExpenseTypeDataSource.swift */,
				A6D280F52651AE1B0057AF85 /* PVCardeTypeDataSource.swift */,
				A6D280FA2651AE2E0057AF85 /* PVCardTypeDataSource.swift */,
			);
			path = DataSource;
			sourceTree = "<group>";
		};
		A6DE678A25B18AE900E0F062 /* Helpers */ = {
			isa = PBXGroup;
			children = (
				A6DE678B25B18B0D00E0F062 /* DynamicValue.swift */,
			);
			path = Helpers;
			sourceTree = "<group>";
		};
		A6E231C925A4CBCB00C0CA64 /* Models */ = {
			isa = PBXGroup;
			children = (
				A6AF361925B61845004F80FB /* Expense+CoreDataClass.swift */,
				A6AF361A25B61845004F80FB /* Expense+CoreDataProperties.swift */,
				A62484B725A89ADD00CD62DF /* ExpenseByMonthModel.swift */,
				A66FBD3E25ACAE3700731680 /* ExpenseByTypeModel.swift */,
			);
			path = Models;
			sourceTree = "<group>";
		};
		A6FE16AF25B9C7C300CE3EA6 /* CardDetail */ = {
			isa = PBXGroup;
			children = (
				A6FE16B025B9C7DE00CE3EA6 /* CardDetailsViewController.swift */,
			);
			path = CardDetail;
			sourceTree = "<group>";
		};
/* End PBXGroup section */

/* Begin PBXNativeTarget section */
		A659848825A39BAA005E6AAE /* ExpenseTracker */ = {
			isa = PBXNativeTarget;
			buildConfigurationList = A65984B625A39BAC005E6AAE /* Build configuration list for PBXNativeTarget "ExpenseTracker" */;
			buildPhases = (
				A659848525A39BAA005E6AAE /* Sources */,
				A659848625A39BAA005E6AAE /* Frameworks */,
				A659848725A39BAA005E6AAE /* Resources */,
			);
			buildRules = (
			);
			dependencies = (
			);
			name = ExpenseTracker;
			productName = ExpenseTracker;
			productReference = A659848925A39BAA005E6AAE /* ExpenseTracker.app */;
			productType = "com.apple.product-type.application";
		};
		A65984A125A39BAC005E6AAE /* ExpenseTrackerTests */ = {
			isa = PBXNativeTarget;
			buildConfigurationList = A65984B925A39BAC005E6AAE /* Build configuration list for PBXNativeTarget "ExpenseTrackerTests" */;
			buildPhases = (
				A659849E25A39BAC005E6AAE /* Sources */,
				A659849F25A39BAC005E6AAE /* Frameworks */,
				A65984A025A39BAC005E6AAE /* Resources */,
			);
			buildRules = (
			);
			dependencies = (
				A65984A425A39BAC005E6AAE /* PBXTargetDependency */,
			);
			name = ExpenseTrackerTests;
			productName = ExpenseTrackerTests;
			productReference = A65984A225A39BAC005E6AAE /* ExpenseTrackerTests.xctest */;
			productType = "com.apple.product-type.bundle.unit-test";
		};
		A65984AC25A39BAC005E6AAE /* ExpenseTrackerUITests */ = {
			isa = PBXNativeTarget;
			buildConfigurationList = A65984BC25A39BAC005E6AAE /* Build configuration list for PBXNativeTarget "ExpenseTrackerUITests" */;
			buildPhases = (
				A65984A925A39BAC005E6AAE /* Sources */,
				A65984AA25A39BAC005E6AAE /* Frameworks */,
				A65984AB25A39BAC005E6AAE /* Resources */,
			);
			buildRules = (
			);
			dependencies = (
				A65984AF25A39BAC005E6AAE /* PBXTargetDependency */,
			);
			name = ExpenseTrackerUITests;
			productName = ExpenseTrackerUITests;
			productReference = A65984AD25A39BAC005E6AAE /* ExpenseTrackerUITests.xctest */;
			productType = "com.apple.product-type.bundle.ui-testing";
		};
/* End PBXNativeTarget section */

/* Begin PBXProject section */
		A659848125A39BAA005E6AAE /* Project object */ = {
			isa = PBXProject;
			attributes = {
				LastSwiftUpdateCheck = 1230;
				LastUpgradeCheck = 1230;
				TargetAttributes = {
					A659848825A39BAA005E6AAE = {
						CreatedOnToolsVersion = 12.3;
					};
					A65984A125A39BAC005E6AAE = {
						CreatedOnToolsVersion = 12.3;
						TestTargetID = A659848825A39BAA005E6AAE;
					};
					A65984AC25A39BAC005E6AAE = {
						CreatedOnToolsVersion = 12.3;
						TestTargetID = A659848825A39BAA005E6AAE;
					};
				};
			};
			buildConfigurationList = A659848425A39BAA005E6AAE /* Build configuration list for PBXProject "ExpenseTracker" */;
			compatibilityVersion = "Xcode 9.3";
			developmentRegion = en;
			hasScannedForEncodings = 0;
			knownRegions = (
				en,
				Base,
			);
			mainGroup = A659848025A39BAA005E6AAE;
			productRefGroup = A659848A25A39BAA005E6AAE /* Products */;
			projectDirPath = "";
			projectRoot = "";
			targets = (
				A659848825A39BAA005E6AAE /* ExpenseTracker */,
				A65984A125A39BAC005E6AAE /* ExpenseTrackerTests */,
				A65984AC25A39BAC005E6AAE /* ExpenseTrackerUITests */,
			);
		};
/* End PBXProject section */

/* Begin PBXResourcesBuildPhase section */
		A659848725A39BAA005E6AAE /* Resources */ = {
			isa = PBXResourcesBuildPhase;
			buildActionMask = 2147483647;
			files = (
				A62F9CCB25B5B4D80070C9AA /* ExpenseTracker.xcdatamodeld in Resources */,
				A659849C25A39BAB005E6AAE /* LaunchScreen.storyboard in Resources */,
				A659849925A39BAB005E6AAE /* Assets.xcassets in Resources */,
				A659849425A39BAA005E6AAE /* Main.storyboard in Resources */,
			);
			runOnlyForDeploymentPostprocessing = 0;
		};
		A65984A025A39BAC005E6AAE /* Resources */ = {
			isa = PBXResourcesBuildPhase;
			buildActionMask = 2147483647;
			files = (
			);
			runOnlyForDeploymentPostprocessing = 0;
		};
		A65984AB25A39BAC005E6AAE /* Resources */ = {
			isa = PBXResourcesBuildPhase;
			buildActionMask = 2147483647;
			files = (
			);
			runOnlyForDeploymentPostprocessing = 0;
		};
/* End PBXResourcesBuildPhase section */

/* Begin PBXSourcesBuildPhase section */
		A659848525A39BAA005E6AAE /* Sources */ = {
			isa = PBXSourcesBuildPhase;
			buildActionMask = 2147483647;
			files = (
				A6D12ACB25A8806D003DD31F /* ExpenseByMonthCVCell.swift in Sources */,
				A6FE16B125B9C7DE00CE3EA6 /* CardDetailsViewController.swift in Sources */,
				A6A3593F25A5E659008F68E2 /* MonthlyExpenseByTypeCollectionView.swift in Sources */,
				A659849125A39BAA005E6AAE /* AddExpenseViewController.swift in Sources */,
				A66FBD4425ACE3CE00731680 /* CVFlowLayoutDelegate.swift in Sources */,
				A66FBD6425ACE65F00731680 /* UIPickerViewDataSource.swift in Sources */,
				A62484B825A89ADD00CD62DF /* ExpenseByMonthModel.swift in Sources */,
				A659848D25A39BAA005E6AAE /* AppDelegate.swift in Sources */,
				A6BC36B825C13A04009D1087 /* Event.swift in Sources */,
				A6206F6825B8B5A7003ECBF6 /* DatePicker.swift in Sources */,
				A66E9DE3265C2A44000A8761 /* AddExpenseVCExtensions.swift in Sources */,
				A6AF361C25B61845004F80FB /* Card+CoreDataProperties.swift in Sources */,
				A65984E525A47025005E6AAE /* ExpenseTableViewCell.swift in Sources */,
				A643D71325B584C70031A15D /* AddCardViewController.swift in Sources */,
				A65984F425A47B4A005E6AAE /* ExpenseManager.swift in Sources */,
				A6D280F62651AE1B0057AF85 /* PVCardeTypeDataSource.swift in Sources */,
				A65CB4A925ACA7EC00674AD4 /* ExpenseByTypeCVCell.swift in Sources */,
				A6D280FB2651AE2E0057AF85 /* PVCardTypeDataSource.swift in Sources */,
				A62F9CDD25B5C73A0070C9AA /* CardsCollectionViewCell.swift in Sources */,
				A66FBD5F25ACE63200731680 /* AddExpenseUtility.swift in Sources */,
				A6D280D72651A8EA0057AF85 /* CVExpenseByMonthDataSource.swift in Sources */,
				A659848F25A39BAA005E6AAE /* SceneDelegate.swift in Sources */,
				A66FBD6925ACE77700731680 /* UIPickerView.swift in Sources */,
				A66FBD3F25ACAE3800731680 /* ExpenseByTypeModel.swift in Sources */,
				A65984E025A3B57C005E6AAE /* ExpensesViewController.swift in Sources */,
				A6D12AC025A84DD6003DD31F /* Extensions.swift in Sources */,
				A643D71925B58EB80031A15D /* CardManager.swift in Sources */,
				A6AF361E25B61845004F80FB /* Expense+CoreDataProperties.swift in Sources */,
				A66FBD5525ACE58100731680 /* CVDataSource.swift in Sources */,
				A6DE678C25B18B0D00E0F062 /* DynamicValue.swift in Sources */,
				A6AF361D25B61845004F80FB /* Expense+CoreDataClass.swift in Sources */,
				A6D280DF2651A90D0057AF85 /* CVExpenseCardDataSource.swift in Sources */,
				A6AF361B25B61845004F80FB /* Card+CoreDataClass.swift in Sources */,
				A6D280EE2651AE050057AF85 /* PVExpenseTypeDataSource.swift in Sources */,
				A6D280C626516EAE0057AF85 /* CardsDataSource.swift in Sources */,
				A62F9CED25B5CB7D0070C9AA /* CardsViewController.swift in Sources */,
				A66FBD5A25ACE5DE00731680 /* AddExpenseDatePicker.swift in Sources */,
				A65984EA25A472D9005E6AAE /* MonthlyExpenseOverview.swift in Sources */,
				A65CB4BF25ACAB5C00674AD4 /* ExpenseByCardManger.swift in Sources */,
				A6295BE825B0AA570095B742 /* MonthlyExpenseByTypeCollectionViewCell.swift in Sources */,
				A62484C225A89BCD00CD62DF /* ExpenseByMonthManager.swift in Sources */,
			);
			runOnlyForDeploymentPostprocessing = 0;
		};
		A659849E25A39BAC005E6AAE /* Sources */ = {
			isa = PBXSourcesBuildPhase;
			buildActionMask = 2147483647;
			files = (
				A65984A725A39BAC005E6AAE /* ExpenseTrackerTests.swift in Sources */,
			);
			runOnlyForDeploymentPostprocessing = 0;
		};
		A65984A925A39BAC005E6AAE /* Sources */ = {
			isa = PBXSourcesBuildPhase;
			buildActionMask = 2147483647;
			files = (
				A65984B225A39BAC005E6AAE /* ExpenseTrackerUITests.swift in Sources */,
			);
			runOnlyForDeploymentPostprocessing = 0;
		};
/* End PBXSourcesBuildPhase section */

/* Begin PBXTargetDependency section */
		A65984A425A39BAC005E6AAE /* PBXTargetDependency */ = {
			isa = PBXTargetDependency;
			target = A659848825A39BAA005E6AAE /* ExpenseTracker */;
			targetProxy = A65984A325A39BAC005E6AAE /* PBXContainerItemProxy */;
		};
		A65984AF25A39BAC005E6AAE /* PBXTargetDependency */ = {
			isa = PBXTargetDependency;
			target = A659848825A39BAA005E6AAE /* ExpenseTracker */;
			targetProxy = A65984AE25A39BAC005E6AAE /* PBXContainerItemProxy */;
		};
/* End PBXTargetDependency section */

/* Begin PBXVariantGroup section */
		A659849225A39BAA005E6AAE /* Main.storyboard */ = {
			isa = PBXVariantGroup;
			children = (
				A659849325A39BAA005E6AAE /* Base */,
			);
			name = Main.storyboard;
			sourceTree = "<group>";
		};
		A659849A25A39BAB005E6AAE /* LaunchScreen.storyboard */ = {
			isa = PBXVariantGroup;
			children = (
				A659849B25A39BAB005E6AAE /* Base */,
			);
			name = LaunchScreen.storyboard;
			sourceTree = "<group>";
		};
/* End PBXVariantGroup section */

/* Begin XCBuildConfiguration section */
		A65984B425A39BAC005E6AAE /* Debug */ = {
			isa = XCBuildConfiguration;
			buildSettings = {
				ALWAYS_SEARCH_USER_PATHS = NO;
				CLANG_ANALYZER_NONNULL = YES;
				CLANG_ANALYZER_NUMBER_OBJECT_CONVERSION = YES_AGGRESSIVE;
				CLANG_CXX_LANGUAGE_STANDARD = "gnu++14";
				CLANG_CXX_LIBRARY = "libc++";
				CLANG_ENABLE_MODULES = YES;
				CLANG_ENABLE_OBJC_ARC = YES;
				CLANG_ENABLE_OBJC_WEAK = YES;
				CLANG_WARN_BLOCK_CAPTURE_AUTORELEASING = YES;
				CLANG_WARN_BOOL_CONVERSION = YES;
				CLANG_WARN_COMMA = YES;
				CLANG_WARN_CONSTANT_CONVERSION = YES;
				CLANG_WARN_DEPRECATED_OBJC_IMPLEMENTATIONS = YES;
				CLANG_WARN_DIRECT_OBJC_ISA_USAGE = YES_ERROR;
				CLANG_WARN_DOCUMENTATION_COMMENTS = YES;
				CLANG_WARN_EMPTY_BODY = YES;
				CLANG_WARN_ENUM_CONVERSION = YES;
				CLANG_WARN_INFINITE_RECURSION = YES;
				CLANG_WARN_INT_CONVERSION = YES;
				CLANG_WARN_NON_LITERAL_NULL_CONVERSION = YES;
				CLANG_WARN_OBJC_IMPLICIT_RETAIN_SELF = YES;
				CLANG_WARN_OBJC_LITERAL_CONVERSION = YES;
				CLANG_WARN_OBJC_ROOT_CLASS = YES_ERROR;
				CLANG_WARN_QUOTED_INCLUDE_IN_FRAMEWORK_HEADER = YES;
				CLANG_WARN_RANGE_LOOP_ANALYSIS = YES;
				CLANG_WARN_STRICT_PROTOTYPES = YES;
				CLANG_WARN_SUSPICIOUS_MOVE = YES;
				CLANG_WARN_UNGUARDED_AVAILABILITY = YES_AGGRESSIVE;
				CLANG_WARN_UNREACHABLE_CODE = YES;
				CLANG_WARN__DUPLICATE_METHOD_MATCH = YES;
				COPY_PHASE_STRIP = NO;
				DEBUG_INFORMATION_FORMAT = dwarf;
				ENABLE_STRICT_OBJC_MSGSEND = YES;
				ENABLE_TESTABILITY = YES;
				GCC_C_LANGUAGE_STANDARD = gnu11;
				GCC_DYNAMIC_NO_PIC = NO;
				GCC_NO_COMMON_BLOCKS = YES;
				GCC_OPTIMIZATION_LEVEL = 0;
				GCC_PREPROCESSOR_DEFINITIONS = (
					"DEBUG=1",
					"$(inherited)",
				);
				GCC_WARN_64_TO_32_BIT_CONVERSION = YES;
				GCC_WARN_ABOUT_RETURN_TYPE = YES_ERROR;
				GCC_WARN_UNDECLARED_SELECTOR = YES;
				GCC_WARN_UNINITIALIZED_AUTOS = YES_AGGRESSIVE;
				GCC_WARN_UNUSED_FUNCTION = YES;
				GCC_WARN_UNUSED_VARIABLE = YES;
				IPHONEOS_DEPLOYMENT_TARGET = 14.3;
				MTL_ENABLE_DEBUG_INFO = INCLUDE_SOURCE;
				MTL_FAST_MATH = YES;
				ONLY_ACTIVE_ARCH = YES;
				SDKROOT = iphoneos;
				SWIFT_ACTIVE_COMPILATION_CONDITIONS = DEBUG;
				SWIFT_OPTIMIZATION_LEVEL = "-Onone";
			};
			name = Debug;
		};
		A65984B525A39BAC005E6AAE /* Release */ = {
			isa = XCBuildConfiguration;
			buildSettings = {
				ALWAYS_SEARCH_USER_PATHS = NO;
				CLANG_ANALYZER_NONNULL = YES;
				CLANG_ANALYZER_NUMBER_OBJECT_CONVERSION = YES_AGGRESSIVE;
				CLANG_CXX_LANGUAGE_STANDARD = "gnu++14";
				CLANG_CXX_LIBRARY = "libc++";
				CLANG_ENABLE_MODULES = YES;
				CLANG_ENABLE_OBJC_ARC = YES;
				CLANG_ENABLE_OBJC_WEAK = YES;
				CLANG_WARN_BLOCK_CAPTURE_AUTORELEASING = YES;
				CLANG_WARN_BOOL_CONVERSION = YES;
				CLANG_WARN_COMMA = YES;
				CLANG_WARN_CONSTANT_CONVERSION = YES;
				CLANG_WARN_DEPRECATED_OBJC_IMPLEMENTATIONS = YES;
				CLANG_WARN_DIRECT_OBJC_ISA_USAGE = YES_ERROR;
				CLANG_WARN_DOCUMENTATION_COMMENTS = YES;
				CLANG_WARN_EMPTY_BODY = YES;
				CLANG_WARN_ENUM_CONVERSION = YES;
				CLANG_WARN_INFINITE_RECURSION = YES;
				CLANG_WARN_INT_CONVERSION = YES;
				CLANG_WARN_NON_LITERAL_NULL_CONVERSION = YES;
				CLANG_WARN_OBJC_IMPLICIT_RETAIN_SELF = YES;
				CLANG_WARN_OBJC_LITERAL_CONVERSION = YES;
				CLANG_WARN_OBJC_ROOT_CLASS = YES_ERROR;
				CLANG_WARN_QUOTED_INCLUDE_IN_FRAMEWORK_HEADER = YES;
				CLANG_WARN_RANGE_LOOP_ANALYSIS = YES;
				CLANG_WARN_STRICT_PROTOTYPES = YES;
				CLANG_WARN_SUSPICIOUS_MOVE = YES;
				CLANG_WARN_UNGUARDED_AVAILABILITY = YES_AGGRESSIVE;
				CLANG_WARN_UNREACHABLE_CODE = YES;
				CLANG_WARN__DUPLICATE_METHOD_MATCH = YES;
				COPY_PHASE_STRIP = NO;
				DEBUG_INFORMATION_FORMAT = "dwarf-with-dsym";
				ENABLE_NS_ASSERTIONS = NO;
				ENABLE_STRICT_OBJC_MSGSEND = YES;
				GCC_C_LANGUAGE_STANDARD = gnu11;
				GCC_NO_COMMON_BLOCKS = YES;
				GCC_WARN_64_TO_32_BIT_CONVERSION = YES;
				GCC_WARN_ABOUT_RETURN_TYPE = YES_ERROR;
				GCC_WARN_UNDECLARED_SELECTOR = YES;
				GCC_WARN_UNINITIALIZED_AUTOS = YES_AGGRESSIVE;
				GCC_WARN_UNUSED_FUNCTION = YES;
				GCC_WARN_UNUSED_VARIABLE = YES;
				IPHONEOS_DEPLOYMENT_TARGET = 14.3;
				MTL_ENABLE_DEBUG_INFO = NO;
				MTL_FAST_MATH = YES;
				SDKROOT = iphoneos;
				SWIFT_COMPILATION_MODE = wholemodule;
				SWIFT_OPTIMIZATION_LEVEL = "-O";
				VALIDATE_PRODUCT = YES;
			};
			name = Release;
		};
		A65984B725A39BAC005E6AAE /* Debug */ = {
			isa = XCBuildConfiguration;
			buildSettings = {
				ASSETCATALOG_COMPILER_APPICON_NAME = AppIcon;
				ASSETCATALOG_COMPILER_GLOBAL_ACCENT_COLOR_NAME = AccentColor;
				CODE_SIGN_ENTITLEMENTS = ExpenseTracker;
				CODE_SIGN_STYLE = Automatic;
				DEVELOPMENT_TEAM = CKLZ6PKF8N;
				INFOPLIST_FILE = ExpenseTracker/Info.plist;
				LD_RUNPATH_SEARCH_PATHS = (
					"$(inherited)",
					"@executable_path/Frameworks",
				);
				PRODUCT_BUNDLE_IDENTIFIER = SB.BinarySerach.ExpenseTracker;
				PRODUCT_NAME = "$(TARGET_NAME)";
				SWIFT_VERSION = 5.0;
				TARGETED_DEVICE_FAMILY = "1,2";
			};
			name = Debug;
		};
		A65984B825A39BAC005E6AAE /* Release */ = {
			isa = XCBuildConfiguration;
			buildSettings = {
				ASSETCATALOG_COMPILER_APPICON_NAME = AppIcon;
				ASSETCATALOG_COMPILER_GLOBAL_ACCENT_COLOR_NAME = AccentColor;
				CODE_SIGN_ENTITLEMENTS = ExpenseTracker;
				CODE_SIGN_STYLE = Automatic;
				DEVELOPMENT_TEAM = CKLZ6PKF8N;
				INFOPLIST_FILE = ExpenseTracker/Info.plist;
				LD_RUNPATH_SEARCH_PATHS = (
					"$(inherited)",
					"@executable_path/Frameworks",
				);
				PRODUCT_BUNDLE_IDENTIFIER = SB.BinarySerach.ExpenseTracker;
				PRODUCT_NAME = "$(TARGET_NAME)";
				SWIFT_VERSION = 5.0;
				TARGETED_DEVICE_FAMILY = "1,2";
			};
			name = Release;
		};
		A65984BA25A39BAC005E6AAE /* Debug */ = {
			isa = XCBuildConfiguration;
			buildSettings = {
				ALWAYS_EMBED_SWIFT_STANDARD_LIBRARIES = YES;
				BUNDLE_LOADER = "$(TEST_HOST)";
				CODE_SIGN_STYLE = Automatic;
				DEVELOPMENT_TEAM = CKLZ6PKF8N;
				INFOPLIST_FILE = ExpenseTrackerTests/Info.plist;
				IPHONEOS_DEPLOYMENT_TARGET = 14.3;
				LD_RUNPATH_SEARCH_PATHS = (
					"$(inherited)",
					"@executable_path/Frameworks",
					"@loader_path/Frameworks",
				);
				PRODUCT_BUNDLE_IDENTIFIER = SB.BinarySerach.ExpenseTrackerTests;
				PRODUCT_NAME = "$(TARGET_NAME)";
				SWIFT_VERSION = 5.0;
				TARGETED_DEVICE_FAMILY = "1,2";
				TEST_HOST = "$(BUILT_PRODUCTS_DIR)/ExpenseTracker.app/ExpenseTracker";
			};
			name = Debug;
		};
		A65984BB25A39BAC005E6AAE /* Release */ = {
			isa = XCBuildConfiguration;
			buildSettings = {
				ALWAYS_EMBED_SWIFT_STANDARD_LIBRARIES = YES;
				BUNDLE_LOADER = "$(TEST_HOST)";
				CODE_SIGN_STYLE = Automatic;
				DEVELOPMENT_TEAM = CKLZ6PKF8N;
				INFOPLIST_FILE = ExpenseTrackerTests/Info.plist;
				IPHONEOS_DEPLOYMENT_TARGET = 14.3;
				LD_RUNPATH_SEARCH_PATHS = (
					"$(inherited)",
					"@executable_path/Frameworks",
					"@loader_path/Frameworks",
				);
				PRODUCT_BUNDLE_IDENTIFIER = SB.BinarySerach.ExpenseTrackerTests;
				PRODUCT_NAME = "$(TARGET_NAME)";
				SWIFT_VERSION = 5.0;
				TARGETED_DEVICE_FAMILY = "1,2";
				TEST_HOST = "$(BUILT_PRODUCTS_DIR)/ExpenseTracker.app/ExpenseTracker";
			};
			name = Release;
		};
		A65984BD25A39BAC005E6AAE /* Debug */ = {
			isa = XCBuildConfiguration;
			buildSettings = {
				ALWAYS_EMBED_SWIFT_STANDARD_LIBRARIES = YES;
				CODE_SIGN_STYLE = Automatic;
				DEVELOPMENT_TEAM = CKLZ6PKF8N;
				INFOPLIST_FILE = ExpenseTrackerUITests/Info.plist;
				LD_RUNPATH_SEARCH_PATHS = (
					"$(inherited)",
					"@executable_path/Frameworks",
					"@loader_path/Frameworks",
				);
				PRODUCT_BUNDLE_IDENTIFIER = SB.BinarySerach.ExpenseTrackerUITests;
				PRODUCT_NAME = "$(TARGET_NAME)";
				SWIFT_VERSION = 5.0;
				TARGETED_DEVICE_FAMILY = "1,2";
				TEST_TARGET_NAME = ExpenseTracker;
			};
			name = Debug;
		};
		A65984BE25A39BAC005E6AAE /* Release */ = {
			isa = XCBuildConfiguration;
			buildSettings = {
				ALWAYS_EMBED_SWIFT_STANDARD_LIBRARIES = YES;
				CODE_SIGN_STYLE = Automatic;
				DEVELOPMENT_TEAM = CKLZ6PKF8N;
				INFOPLIST_FILE = ExpenseTrackerUITests/Info.plist;
				LD_RUNPATH_SEARCH_PATHS = (
					"$(inherited)",
					"@executable_path/Frameworks",
					"@loader_path/Frameworks",
				);
				PRODUCT_BUNDLE_IDENTIFIER = SB.BinarySerach.ExpenseTrackerUITests;
				PRODUCT_NAME = "$(TARGET_NAME)";
				SWIFT_VERSION = 5.0;
				TARGETED_DEVICE_FAMILY = "1,2";
				TEST_TARGET_NAME = ExpenseTracker;
			};
			name = Release;
		};
/* End XCBuildConfiguration section */

/* Begin XCConfigurationList section */
		A659848425A39BAA005E6AAE /* Build configuration list for PBXProject "ExpenseTracker" */ = {
			isa = XCConfigurationList;
			buildConfigurations = (
				A65984B425A39BAC005E6AAE /* Debug */,
				A65984B525A39BAC005E6AAE /* Release */,
			);
			defaultConfigurationIsVisible = 0;
			defaultConfigurationName = Release;
		};
		A65984B625A39BAC005E6AAE /* Build configuration list for PBXNativeTarget "ExpenseTracker" */ = {
			isa = XCConfigurationList;
			buildConfigurations = (
				A65984B725A39BAC005E6AAE /* Debug */,
				A65984B825A39BAC005E6AAE /* Release */,
			);
			defaultConfigurationIsVisible = 0;
			defaultConfigurationName = Release;
		};
		A65984B925A39BAC005E6AAE /* Build configuration list for PBXNativeTarget "ExpenseTrackerTests" */ = {
			isa = XCConfigurationList;
			buildConfigurations = (
				A65984BA25A39BAC005E6AAE /* Debug */,
				A65984BB25A39BAC005E6AAE /* Release */,
			);
			defaultConfigurationIsVisible = 0;
			defaultConfigurationName = Release;
		};
		A65984BC25A39BAC005E6AAE /* Build configuration list for PBXNativeTarget "ExpenseTrackerUITests" */ = {
			isa = XCConfigurationList;
			buildConfigurations = (
				A65984BD25A39BAC005E6AAE /* Debug */,
				A65984BE25A39BAC005E6AAE /* Release */,
			);
			defaultConfigurationIsVisible = 0;
			defaultConfigurationName = Release;
		};
/* End XCConfigurationList section */

/* Begin XCVersionGroup section */
		A659849525A39BAA005E6AAE /* ExpenseTracker.xcdatamodeld */ = {
			isa = XCVersionGroup;
			children = (
				A687849225AF34B4006487C3 /* ET-1.xcdatamodel */,
				A659849625A39BAA005E6AAE /* ExpenseTracker.xcdatamodel */,
			);
			currentVersion = A659849625A39BAA005E6AAE /* ExpenseTracker.xcdatamodel */;
			path = ExpenseTracker.xcdatamodeld;
			sourceTree = "<group>";
			versionGroupType = wrapper.xcdatamodel;
		};
/* End XCVersionGroup section */
	};
	rootObject = A659848125A39BAA005E6AAE /* Project object */;
}
