
Microsoft Visual Studio Solution File, Format Version 12.00
# Visual Studio Version 16
VisualStudioVersion = 16.0.29613.14
MinimumVisualStudioVersion = 10.0.40219.1
Project("{9A19103F-16F7-4668-BE54-9A1E7A4F7556}") = "MyApartment.WebClient", "MyApartment.WebClient.csproj", "{4A946FEF-626B-4884-9B0E-27C029315D55}"
EndProject
Project("{9A19103F-16F7-4668-BE54-9A1E7A4F7556}") = "MyApartment.Data.Repository", "..\MyApartment.Data.Repository\MyApartment.Data.Repository.csproj", "{FE2E22F1-99F0-45C6-8886-F7195CA532A7}"
EndProject
Project("{9A19103F-16F7-4668-BE54-9A1E7A4F7556}") = "MyApartment.Core.Model", "..\MyApartment.Core.Model\MyApartment.Core.Model.csproj", "{B038FE37-777F-4732-A47E-BEE9618CF552}"
EndProject
Project("{FAE04EC0-301F-11D3-BF4B-00C04F79EFBC}") = "MyApartment.API", "..\MyApartment.API\MyApartment.API.csproj", "{8C74D8AB-9904-4B01-AA41-4D3670ABB7FD}"
EndProject
Global
	GlobalSection(SolutionConfigurationPlatforms) = preSolution
		Debug|Any CPU = Debug|Any CPU
		Release|Any CPU = Release|Any CPU
	EndGlobalSection
	GlobalSection(ProjectConfigurationPlatforms) = postSolution
		{4A946FEF-626B-4884-9B0E-27C029315D55}.Debug|Any CPU.ActiveCfg = Debug|Any CPU
		{4A946FEF-626B-4884-9B0E-27C029315D55}.Debug|Any CPU.Build.0 = Debug|Any CPU
		{4A946FEF-626B-4884-9B0E-27C029315D55}.Release|Any CPU.ActiveCfg = Release|Any CPU
		{4A946FEF-626B-4884-9B0E-27C029315D55}.Release|Any CPU.Build.0 = Release|Any CPU
		{FE2E22F1-99F0-45C6-8886-F7195CA532A7}.Debug|Any CPU.ActiveCfg = Debug|Any CPU
		{FE2E22F1-99F0-45C6-8886-F7195CA532A7}.Debug|Any CPU.Build.0 = Debug|Any CPU
		{FE2E22F1-99F0-45C6-8886-F7195CA532A7}.Release|Any CPU.ActiveCfg = Release|Any CPU
		{FE2E22F1-99F0-45C6-8886-F7195CA532A7}.Release|Any CPU.Build.0 = Release|Any CPU
		{B038FE37-777F-4732-A47E-BEE9618CF552}.Debug|Any CPU.ActiveCfg = Debug|Any CPU
		{B038FE37-777F-4732-A47E-BEE9618CF552}.Debug|Any CPU.Build.0 = Debug|Any CPU
		{B038FE37-777F-4732-A47E-BEE9618CF552}.Release|Any CPU.ActiveCfg = Release|Any CPU
		{B038FE37-777F-4732-A47E-BEE9618CF552}.Release|Any CPU.Build.0 = Release|Any CPU
		{8C74D8AB-9904-4B01-AA41-4D3670ABB7FD}.Debug|Any CPU.ActiveCfg = Debug|Any CPU
		{8C74D8AB-9904-4B01-AA41-4D3670ABB7FD}.Debug|Any CPU.Build.0 = Debug|Any CPU
		{8C74D8AB-9904-4B01-AA41-4D3670ABB7FD}.Release|Any CPU.ActiveCfg = Release|Any CPU
		{8C74D8AB-9904-4B01-AA41-4D3670ABB7FD}.Release|Any CPU.Build.0 = Release|Any CPU
	EndGlobalSection
	GlobalSection(SolutionProperties) = preSolution
		HideSolutionNode = FALSE
	EndGlobalSection
	GlobalSection(ExtensibilityGlobals) = postSolution
		SolutionGuid = {8D0319BC-E102-43D0-98C4-D46B70AC0CA8}
	EndGlobalSection
EndGlobal
