
Microsoft Visual Studio Solution File, Format Version 12.00
# Visual Studio 14
VisualStudioVersion = 14.0.23107.0
MinimumVisualStudioVersion = 10.0.40219.1
Project("{FAE04EC0-301F-11D3-BF4B-00C04F79EFBC}") = "HelloService", "HelloService\HelloService.csproj", "{28C5BDBC-CC5A-47B8-98AB-01AEE3C0111B}"
EndProject
Project("{FAE04EC0-301F-11D3-BF4B-00C04F79EFBC}") = "HelloServiceHost", "HelloServiceHost\HelloServiceHost.csproj", "{6ACCD2AF-8EB8-41E5-89A1-EFEE12392C26}"
EndProject
Project("{FAE04EC0-301F-11D3-BF4B-00C04F79EFBC}") = "HelloServiceClient", "HelloServiceClient\HelloServiceClient.csproj", "{2740CC7D-2167-48F0-AACF-04AA17767DB4}"
EndProject
Global
	GlobalSection(SolutionConfigurationPlatforms) = preSolution
		Debug|Any CPU = Debug|Any CPU
		Release|Any CPU = Release|Any CPU
	EndGlobalSection
	GlobalSection(ProjectConfigurationPlatforms) = postSolution
		{28C5BDBC-CC5A-47B8-98AB-01AEE3C0111B}.Debug|Any CPU.ActiveCfg = Debug|Any CPU
		{28C5BDBC-CC5A-47B8-98AB-01AEE3C0111B}.Debug|Any CPU.Build.0 = Debug|Any CPU
		{28C5BDBC-CC5A-47B8-98AB-01AEE3C0111B}.Release|Any CPU.ActiveCfg = Release|Any CPU
		{28C5BDBC-CC5A-47B8-98AB-01AEE3C0111B}.Release|Any CPU.Build.0 = Release|Any CPU
		{6ACCD2AF-8EB8-41E5-89A1-EFEE12392C26}.Debug|Any CPU.ActiveCfg = Debug|Any CPU
		{6ACCD2AF-8EB8-41E5-89A1-EFEE12392C26}.Debug|Any CPU.Build.0 = Debug|Any CPU
		{6ACCD2AF-8EB8-41E5-89A1-EFEE12392C26}.Release|Any CPU.ActiveCfg = Release|Any CPU
		{6ACCD2AF-8EB8-41E5-89A1-EFEE12392C26}.Release|Any CPU.Build.0 = Release|Any CPU
		{2740CC7D-2167-48F0-AACF-04AA17767DB4}.Debug|Any CPU.ActiveCfg = Debug|Any CPU
		{2740CC7D-2167-48F0-AACF-04AA17767DB4}.Debug|Any CPU.Build.0 = Debug|Any CPU
		{2740CC7D-2167-48F0-AACF-04AA17767DB4}.Release|Any CPU.ActiveCfg = Release|Any CPU
		{2740CC7D-2167-48F0-AACF-04AA17767DB4}.Release|Any CPU.Build.0 = Release|Any CPU
	EndGlobalSection
	GlobalSection(SolutionProperties) = preSolution
		HideSolutionNode = FALSE
	EndGlobalSection
EndGlobal
