// !$*UTF8*$!
{
	archiveVersion = 1;
	classes = {
	};
	objectVersion = 50;
	objects = {

/* Begin PBXBuildFile section */
		A65D3ECE25374DCD00A9C56D /* main.cpp in Sources */ = {isa = PBXBuildFile; fileRef = A65D3ECD25374DCD00A9C56D /* main.cpp */; };
		A65D3ED725374DEE00A9C56D /* RadixSort.cpp in Sources */ = {isa = PBXBuildFile; fileRef = A65D3ED525374DEE00A9C56D /* RadixSort.cpp */; };
		A65D3EDB25374DFD00A9C56D /* CountSort.cpp in Sources */ = {isa = PBXBuildFile; fileRef = A65D3ED925374DFD00A9C56D /* CountSort.cpp */; };
		A65D3EDF2537692000A9C56D /* LinkedList.cpp in Sources */ = {isa = PBXBuildFile; fileRef = A65D3EDD2537692000A9C56D /* LinkedList.cpp */; };
		A65D3EE32537696000A9C56D /* BinSort.cpp in Sources */ = {isa = PBXBuildFile; fileRef = A65D3EE12537696000A9C56D /* BinSort.cpp */; };
/* End PBXBuildFile section */

/* Begin PBXCopyFilesBuildPhase section */
		A65D3EC825374DCD00A9C56D /* CopyFiles */ = {
			isa = PBXCopyFilesBuildPhase;
			buildActionMask = 2147483647;
			dstPath = /usr/share/man/man1/;
			dstSubfolderSpec = 0;
			files = (
			);
			runOnlyForDeploymentPostprocessing = 1;
		};
/* End PBXCopyFilesBuildPhase section */

/* Begin PBXFileReference section */
		A65D3ECA25374DCD00A9C56D /* Sorting */ = {isa = PBXFileReference; explicitFileType = "compiled.mach-o.executable"; includeInIndex = 0; path = Sorting; sourceTree = BUILT_PRODUCTS_DIR; };
		A65D3ECD25374DCD00A9C56D /* main.cpp */ = {isa = PBXFileReference; lastKnownFileType = sourcecode.cpp.cpp; path = main.cpp; sourceTree = "<group>"; };
		A65D3ED525374DEE00A9C56D /* RadixSort.cpp */ = {isa = PBXFileReference; lastKnownFileType = sourcecode.cpp.cpp; path = RadixSort.cpp; sourceTree = "<group>"; };
		A65D3ED625374DEE00A9C56D /* RadixSort.hpp */ = {isa = PBXFileReference; lastKnownFileType = sourcecode.cpp.h; path = RadixSort.hpp; sourceTree = "<group>"; };
		A65D3ED925374DFD00A9C56D /* CountSort.cpp */ = {isa = PBXFileReference; lastKnownFileType = sourcecode.cpp.cpp; path = CountSort.cpp; sourceTree = "<group>"; };
		A65D3EDA25374DFD00A9C56D /* CountSort.hpp */ = {isa = PBXFileReference; lastKnownFileType = sourcecode.cpp.h; path = CountSort.hpp; sourceTree = "<group>"; };
		A65D3EDD2537692000A9C56D /* LinkedList.cpp */ = {isa = PBXFileReference; lastKnownFileType = sourcecode.cpp.cpp; path = LinkedList.cpp; sourceTree = "<group>"; };
		A65D3EDE2537692000A9C56D /* LinkedList.hpp */ = {isa = PBXFileReference; lastKnownFileType = sourcecode.cpp.h; path = LinkedList.hpp; sourceTree = "<group>"; };
		A65D3EE12537696000A9C56D /* BinSort.cpp */ = {isa = PBXFileReference; lastKnownFileType = sourcecode.cpp.cpp; path = BinSort.cpp; sourceTree = "<group>"; };
		A65D3EE22537696000A9C56D /* BinSort.hpp */ = {isa = PBXFileReference; lastKnownFileType = sourcecode.cpp.h; path = BinSort.hpp; sourceTree = "<group>"; };
/* End PBXFileReference section */

/* Begin PBXFrameworksBuildPhase section */
		A65D3EC725374DCD00A9C56D /* Frameworks */ = {
			isa = PBXFrameworksBuildPhase;
			buildActionMask = 2147483647;
			files = (
			);
			runOnlyForDeploymentPostprocessing = 0;
		};
/* End PBXFrameworksBuildPhase section */

/* Begin PBXGroup section */
		A65D3EC125374DCD00A9C56D = {
			isa = PBXGroup;
			children = (
				A65D3ECC25374DCD00A9C56D /* Sorting */,
				A65D3ECB25374DCD00A9C56D /* Products */,
			);
			sourceTree = "<group>";
		};
		A65D3ECB25374DCD00A9C56D /* Products */ = {
			isa = PBXGroup;
			children = (
				A65D3ECA25374DCD00A9C56D /* Sorting */,
			);
			name = Products;
			sourceTree = "<group>";
		};
		A65D3ECC25374DCD00A9C56D /* Sorting */ = {
			isa = PBXGroup;
			children = (
				A6F905BC253B12BA006C1ECC /* HeaderFiles */,
				A65D3ECD25374DCD00A9C56D /* main.cpp */,
				A65D3ED525374DEE00A9C56D /* RadixSort.cpp */,
				A65D3ED925374DFD00A9C56D /* CountSort.cpp */,
				A65D3EDD2537692000A9C56D /* LinkedList.cpp */,
				A65D3EE12537696000A9C56D /* BinSort.cpp */,
			);
			path = Sorting;
			sourceTree = "<group>";
		};
		A6F905BC253B12BA006C1ECC /* HeaderFiles */ = {
			isa = PBXGroup;
			children = (
				A65D3ED625374DEE00A9C56D /* RadixSort.hpp */,
				A65D3EDA25374DFD00A9C56D /* CountSort.hpp */,
				A65D3EDE2537692000A9C56D /* LinkedList.hpp */,
				A65D3EE22537696000A9C56D /* BinSort.hpp */,
			);
			path = HeaderFiles;
			sourceTree = "<group>";
		};
/* End PBXGroup section */

/* Begin PBXNativeTarget section */
		A65D3EC925374DCD00A9C56D /* Sorting */ = {
			isa = PBXNativeTarget;
			buildConfigurationList = A65D3ED125374DCD00A9C56D /* Build configuration list for PBXNativeTarget "Sorting" */;
			buildPhases = (
				A65D3EC625374DCD00A9C56D /* Sources */,
				A65D3EC725374DCD00A9C56D /* Frameworks */,
				A65D3EC825374DCD00A9C56D /* CopyFiles */,
			);
			buildRules = (
			);
			dependencies = (
			);
			name = Sorting;
			productName = Sorting;
			productReference = A65D3ECA25374DCD00A9C56D /* Sorting */;
			productType = "com.apple.product-type.tool";
		};
/* End PBXNativeTarget section */

/* Begin PBXProject section */
		A65D3EC225374DCD00A9C56D /* Project object */ = {
			isa = PBXProject;
			attributes = {
				LastUpgradeCheck = 1200;
				TargetAttributes = {
					A65D3EC925374DCD00A9C56D = {
						CreatedOnToolsVersion = 12.0.1;
					};
				};
			};
			buildConfigurationList = A65D3EC525374DCD00A9C56D /* Build configuration list for PBXProject "Sorting" */;
			compatibilityVersion = "Xcode 9.3";
			developmentRegion = en;
			hasScannedForEncodings = 0;
			knownRegions = (
				en,
				Base,
			);
			mainGroup = A65D3EC125374DCD00A9C56D;
			productRefGroup = A65D3ECB25374DCD00A9C56D /* Products */;
			projectDirPath = "";
			projectRoot = "";
			targets = (
				A65D3EC925374DCD00A9C56D /* Sorting */,
			);
		};
/* End PBXProject section */

/* Begin PBXSourcesBuildPhase section */
		A65D3EC625374DCD00A9C56D /* Sources */ = {
			isa = PBXSourcesBuildPhase;
			buildActionMask = 2147483647;
			files = (
				A65D3EE32537696000A9C56D /* BinSort.cpp in Sources */,
				A65D3ED725374DEE00A9C56D /* RadixSort.cpp in Sources */,
				A65D3ECE25374DCD00A9C56D /* main.cpp in Sources */,
				A65D3EDF2537692000A9C56D /* LinkedList.cpp in Sources */,
				A65D3EDB25374DFD00A9C56D /* CountSort.cpp in Sources */,
			);
			runOnlyForDeploymentPostprocessing = 0;
		};
/* End PBXSourcesBuildPhase section */

/* Begin XCBuildConfiguration section */
		A65D3ECF25374DCD00A9C56D /* Debug */ = {
			isa = XCBuildConfiguration;
			buildSettings = {
				ALWAYS_SEARCH_USER_PATHS = NO;
				CLANG_ANALYZER_NONNULL = YES;
				CLANG_ANALYZER_NUMBER_OBJECT_CONVERSION = YES_AGGRESSIVE;
				CLANG_CXX_LANGUAGE_STANDARD = "gnu++14";
				CLANG_CXX_LIBRARY = "libc++";
				CLANG_ENABLE_MODULES = YES;
				CLANG_ENABLE_OBJC_ARC = YES;
				CLANG_ENABLE_OBJC_WEAK = YES;
				CLANG_WARN_BLOCK_CAPTURE_AUTORELEASING = YES;
				CLANG_WARN_BOOL_CONVERSION = YES;
				CLANG_WARN_COMMA = YES;
				CLANG_WARN_CONSTANT_CONVERSION = YES;
				CLANG_WARN_DEPRECATED_OBJC_IMPLEMENTATIONS = YES;
				CLANG_WARN_DIRECT_OBJC_ISA_USAGE = YES_ERROR;
				CLANG_WARN_DOCUMENTATION_COMMENTS = YES;
				CLANG_WARN_EMPTY_BODY = YES;
				CLANG_WARN_ENUM_CONVERSION = YES;
				CLANG_WARN_INFINITE_RECURSION = YES;
				CLANG_WARN_INT_CONVERSION = YES;
				CLANG_WARN_NON_LITERAL_NULL_CONVERSION = YES;
				CLANG_WARN_OBJC_IMPLICIT_RETAIN_SELF = YES;
				CLANG_WARN_OBJC_LITERAL_CONVERSION = YES;
				CLANG_WARN_OBJC_ROOT_CLASS = YES_ERROR;
				CLANG_WARN_QUOTED_INCLUDE_IN_FRAMEWORK_HEADER = YES;
				CLANG_WARN_RANGE_LOOP_ANALYSIS = YES;
				CLANG_WARN_STRICT_PROTOTYPES = YES;
				CLANG_WARN_SUSPICIOUS_MOVE = YES;
				CLANG_WARN_UNGUARDED_AVAILABILITY = YES_AGGRESSIVE;
				CLANG_WARN_UNREACHABLE_CODE = YES;
				CLANG_WARN__DUPLICATE_METHOD_MATCH = YES;
				COPY_PHASE_STRIP = NO;
				DEBUG_INFORMATION_FORMAT = dwarf;
				ENABLE_STRICT_OBJC_MSGSEND = YES;
				ENABLE_TESTABILITY = YES;
				GCC_C_LANGUAGE_STANDARD = gnu11;
				GCC_DYNAMIC_NO_PIC = NO;
				GCC_NO_COMMON_BLOCKS = YES;
				GCC_OPTIMIZATION_LEVEL = 0;
				GCC_PREPROCESSOR_DEFINITIONS = (
					"DEBUG=1",
					"$(inherited)",
				);
				GCC_WARN_64_TO_32_BIT_CONVERSION = YES;
				GCC_WARN_ABOUT_RETURN_TYPE = YES_ERROR;
				GCC_WARN_UNDECLARED_SELECTOR = YES;
				GCC_WARN_UNINITIALIZED_AUTOS = YES_AGGRESSIVE;
				GCC_WARN_UNUSED_FUNCTION = YES;
				GCC_WARN_UNUSED_VARIABLE = YES;
				MACOSX_DEPLOYMENT_TARGET = 10.15;
				MTL_ENABLE_DEBUG_INFO = INCLUDE_SOURCE;
				MTL_FAST_MATH = YES;
				ONLY_ACTIVE_ARCH = YES;
				SDKROOT = macosx;
			};
			name = Debug;
		};
		A65D3ED025374DCD00A9C56D /* Release */ = {
			isa = XCBuildConfiguration;
			buildSettings = {
				ALWAYS_SEARCH_USER_PATHS = NO;
				CLANG_ANALYZER_NONNULL = YES;
				CLANG_ANALYZER_NUMBER_OBJECT_CONVERSION = YES_AGGRESSIVE;
				CLANG_CXX_LANGUAGE_STANDARD = "gnu++14";
				CLANG_CXX_LIBRARY = "libc++";
				CLANG_ENABLE_MODULES = YES;
				CLANG_ENABLE_OBJC_ARC = YES;
				CLANG_ENABLE_OBJC_WEAK = YES;
				CLANG_WARN_BLOCK_CAPTURE_AUTORELEASING = YES;
				CLANG_WARN_BOOL_CONVERSION = YES;
				CLANG_WARN_COMMA = YES;
				CLANG_WARN_CONSTANT_CONVERSION = YES;
				CLANG_WARN_DEPRECATED_OBJC_IMPLEMENTATIONS = YES;
				CLANG_WARN_DIRECT_OBJC_ISA_USAGE = YES_ERROR;
				CLANG_WARN_DOCUMENTATION_COMMENTS = YES;
				CLANG_WARN_EMPTY_BODY = YES;
				CLANG_WARN_ENUM_CONVERSION = YES;
				CLANG_WARN_INFINITE_RECURSION = YES;
				CLANG_WARN_INT_CONVERSION = YES;
				CLANG_WARN_NON_LITERAL_NULL_CONVERSION = YES;
				CLANG_WARN_OBJC_IMPLICIT_RETAIN_SELF = YES;
				CLANG_WARN_OBJC_LITERAL_CONVERSION = YES;
				CLANG_WARN_OBJC_ROOT_CLASS = YES_ERROR;
				CLANG_WARN_QUOTED_INCLUDE_IN_FRAMEWORK_HEADER = YES;
				CLANG_WARN_RANGE_LOOP_ANALYSIS = YES;
				CLANG_WARN_STRICT_PROTOTYPES = YES;
				CLANG_WARN_SUSPICIOUS_MOVE = YES;
				CLANG_WARN_UNGUARDED_AVAILABILITY = YES_AGGRESSIVE;
				CLANG_WARN_UNREACHABLE_CODE = YES;
				CLANG_WARN__DUPLICATE_METHOD_MATCH = YES;
				COPY_PHASE_STRIP = NO;
				DEBUG_INFORMATION_FORMAT = "dwarf-with-dsym";
				ENABLE_NS_ASSERTIONS = NO;
				ENABLE_STRICT_OBJC_MSGSEND = YES;
				GCC_C_LANGUAGE_STANDARD = gnu11;
				GCC_NO_COMMON_BLOCKS = YES;
				GCC_WARN_64_TO_32_BIT_CONVERSION = YES;
				GCC_WARN_ABOUT_RETURN_TYPE = YES_ERROR;
				GCC_WARN_UNDECLARED_SELECTOR = YES;
				GCC_WARN_UNINITIALIZED_AUTOS = YES_AGGRESSIVE;
				GCC_WARN_UNUSED_FUNCTION = YES;
				GCC_WARN_UNUSED_VARIABLE = YES;
				MACOSX_DEPLOYMENT_TARGET = 10.15;
				MTL_ENABLE_DEBUG_INFO = NO;
				MTL_FAST_MATH = YES;
				SDKROOT = macosx;
			};
			name = Release;
		};
		A65D3ED225374DCD00A9C56D /* Debug */ = {
			isa = XCBuildConfiguration;
			buildSettings = {
				CODE_SIGN_STYLE = Automatic;
				PRODUCT_NAME = "$(TARGET_NAME)";
			};
			name = Debug;
		};
		A65D3ED325374DCD00A9C56D /* Release */ = {
			isa = XCBuildConfiguration;
			buildSettings = {
				CODE_SIGN_STYLE = Automatic;
				PRODUCT_NAME = "$(TARGET_NAME)";
			};
			name = Release;
		};
/* End XCBuildConfiguration section */

/* Begin XCConfigurationList section */
		A65D3EC525374DCD00A9C56D /* Build configuration list for PBXProject "Sorting" */ = {
			isa = XCConfigurationList;
			buildConfigurations = (
				A65D3ECF25374DCD00A9C56D /* Debug */,
				A65D3ED025374DCD00A9C56D /* Release */,
			);
			defaultConfigurationIsVisible = 0;
			defaultConfigurationName = Release;
		};
		A65D3ED125374DCD00A9C56D /* Build configuration list for PBXNativeTarget "Sorting" */ = {
			isa = XCConfigurationList;
			buildConfigurations = (
				A65D3ED225374DCD00A9C56D /* Debug */,
				A65D3ED325374DCD00A9C56D /* Release */,
			);
			defaultConfigurationIsVisible = 0;
			defaultConfigurationName = Release;
		};
/* End XCConfigurationList section */
	};
	rootObject = A65D3EC225374DCD00A9C56D /* Project object */;
}
