
Microsoft Visual Studio Solution File, Format Version 12.00
# Visual Studio 15
Project("{FAE04EC0-301F-11D3-BF4B-00C04F79EFBC}") = "FileStream", "FileStream.csproj", "{C997705C-D6E9-46B2-854E-CFF28B34D822}"
EndProject
Global
	GlobalSection(SolutionConfigurationPlatforms) = preSolution
		Debug|Any CPU = Debug|Any CPU
		Release|Any CPU = Release|Any CPU
	EndGlobalSection
	GlobalSection(ProjectConfigurationPlatforms) = postSolution
		{C997705C-D6E9-46B2-854E-CFF28B34D822}.Debug|Any CPU.ActiveCfg = Debug|Any CPU
		{C997705C-D6E9-46B2-854E-CFF28B34D822}.Debug|Any CPU.Build.0 = Debug|Any CPU
		{C997705C-D6E9-46B2-854E-CFF28B34D822}.Release|Any CPU.ActiveCfg = Release|Any CPU
		{C997705C-D6E9-46B2-854E-CFF28B34D822}.Release|Any CPU.Build.0 = Release|Any CPU
	EndGlobalSection
EndGlobal
