
Microsoft Visual Studio Solution File, Format Version 12.00
# Visual Studio 14
VisualStudioVersion = 14.0.23107.0
MinimumVisualStudioVersion = 10.0.40219.1
Project("{FAE04EC0-301F-11D3-BF4B-00C04F79EFBC}") = "EmployeeService", "EmployeeService\EmployeeService.csproj", "{6060BA5E-90D0-48F8-9766-50256D27FAFD}"
EndProject
Project("{FAE04EC0-301F-11D3-BF4B-00C04F79EFBC}") = "EmployeeServiceHost", "EmployeeServiceHost\EmployeeServiceHost.csproj", "{A42680F3-DA02-465C-B458-33D1B1267644}"
EndProject
Project("{FAE04EC0-301F-11D3-BF4B-00C04F79EFBC}") = "EmployeeClient", "EmployeeClient\EmployeeClient.csproj", "{0AD9D2CA-4139-47BB-A858-2AFCCEDA94C2}"
EndProject
Global
	GlobalSection(SolutionConfigurationPlatforms) = preSolution
		Debug|Any CPU = Debug|Any CPU
		Release|Any CPU = Release|Any CPU
	EndGlobalSection
	GlobalSection(ProjectConfigurationPlatforms) = postSolution
		{6060BA5E-90D0-48F8-9766-50256D27FAFD}.Debug|Any CPU.ActiveCfg = Debug|Any CPU
		{6060BA5E-90D0-48F8-9766-50256D27FAFD}.Debug|Any CPU.Build.0 = Debug|Any CPU
		{6060BA5E-90D0-48F8-9766-50256D27FAFD}.Release|Any CPU.ActiveCfg = Release|Any CPU
		{6060BA5E-90D0-48F8-9766-50256D27FAFD}.Release|Any CPU.Build.0 = Release|Any CPU
		{A42680F3-DA02-465C-B458-33D1B1267644}.Debug|Any CPU.ActiveCfg = Debug|Any CPU
		{A42680F3-DA02-465C-B458-33D1B1267644}.Debug|Any CPU.Build.0 = Debug|Any CPU
		{A42680F3-DA02-465C-B458-33D1B1267644}.Release|Any CPU.ActiveCfg = Release|Any CPU
		{A42680F3-DA02-465C-B458-33D1B1267644}.Release|Any CPU.Build.0 = Release|Any CPU
		{0AD9D2CA-4139-47BB-A858-2AFCCEDA94C2}.Debug|Any CPU.ActiveCfg = Debug|Any CPU
		{0AD9D2CA-4139-47BB-A858-2AFCCEDA94C2}.Debug|Any CPU.Build.0 = Debug|Any CPU
		{0AD9D2CA-4139-47BB-A858-2AFCCEDA94C2}.Release|Any CPU.ActiveCfg = Release|Any CPU
		{0AD9D2CA-4139-47BB-A858-2AFCCEDA94C2}.Release|Any CPU.Build.0 = Release|Any CPU
	EndGlobalSection
	GlobalSection(SolutionProperties) = preSolution
		HideSolutionNode = FALSE
	EndGlobalSection
EndGlobal
