
Microsoft Visual Studio Solution File, Format Version 12.00
# Visual Studio 14
VisualStudioVersion = 14.0.23107.0
MinimumVisualStudioVersion = 10.0.40219.1
Project("{2150E333-8FDC-42A3-9474-1A3956D46DE8}") = "Back-End-System", "Back-End-System", "{DF70D8E1-1D1F-4206-8207-87FD6DB30BB2}"
EndProject
Project("{2150E333-8FDC-42A3-9474-1A3956D46DE8}") = "Front-End-System", "Front-End-System", "{D318DEE7-EB7D-4F2D-891E-F937B64E7EFF}"
EndProject
Project("{2150E333-8FDC-42A3-9474-1A3956D46DE8}") = "Common", "Common", "{97E726D7-AB1F-4FEA-B8BB-2504611F220B}"
EndProject
Project("{2150E333-8FDC-42A3-9474-1A3956D46DE8}") = "Layer-1", "Layer-1", "{880E0274-4B39-4904-8B6B-DDA6012FFF2E}"
EndProject
Project("{2150E333-8FDC-42A3-9474-1A3956D46DE8}") = "Layer-2", "Layer-2", "{1B61F29C-BC34-4F69-AE1B-6DD16DF1D1E6}"
EndProject
Project("{2150E333-8FDC-42A3-9474-1A3956D46DE8}") = "Layer-3", "Layer-3", "{339A78AD-7071-4518-B348-7FD81041873F}"
EndProject
Project("{2150E333-8FDC-42A3-9474-1A3956D46DE8}") = "Data Access Layer", "Data Access Layer", "{14959207-503B-4E7C-9E66-9064EEF8982F}"
EndProject
Project("{2150E333-8FDC-42A3-9474-1A3956D46DE8}") = "Business Component Layer", "Business Component Layer", "{142DCB89-5758-4923-A1E2-710BC8176104}"
EndProject
Project("{2150E333-8FDC-42A3-9474-1A3956D46DE8}") = "Services Layer", "Services Layer", "{A31C24B9-73C5-4C13-ABD3-D7FC172E4A0E}"
EndProject
Project("{2150E333-8FDC-42A3-9474-1A3956D46DE8}") = "Layer-4", "Layer-4", "{A0534CB8-00FD-413E-A1B2-3F84BA235657}"
EndProject
Project("{2150E333-8FDC-42A3-9474-1A3956D46DE8}") = "Presentation Layer", "Presentation Layer", "{4EB19D28-8B20-4935-BAAF-B172A955AC85}"
EndProject
Project("{2150E333-8FDC-42A3-9474-1A3956D46DE8}") = "ORM", "ORM", "{9D79458F-C73F-4632-89E3-F7192E863684}"
EndProject
Project("{2150E333-8FDC-42A3-9474-1A3956D46DE8}") = "Data Access", "Data Access", "{D91EEA2D-D0ED-470A-B005-A06B2EE49DD4}"
EndProject
Project("{2150E333-8FDC-42A3-9474-1A3956D46DE8}") = "ORM Interfaces", "ORM Interfaces", "{18E062D7-C142-43F1-AD41-E86B5FBBA749}"
EndProject
Project("{2150E333-8FDC-42A3-9474-1A3956D46DE8}") = "ORM implementations", "ORM implementations", "{726D65DE-5025-4500-B194-ADDB73D43F14}"
EndProject
Project("{2150E333-8FDC-42A3-9474-1A3956D46DE8}") = "DAL interfaces", "DAL interfaces", "{A6019484-7613-4F7C-9D26-33795D0BFFF0}"
EndProject
Project("{2150E333-8FDC-42A3-9474-1A3956D46DE8}") = "DAL Implementations", "DAL Implementations", "{5E60A5A2-3CA1-44D4-9903-D7F2FE63CA8F}"
EndProject
Project("{2150E333-8FDC-42A3-9474-1A3956D46DE8}") = "Business Implementations", "Business Implementations", "{4BF1ECD5-A75E-428A-B556-5D485D19588C}"
EndProject
Project("{2150E333-8FDC-42A3-9474-1A3956D46DE8}") = "Business Interfaces", "Business Interfaces", "{9C43925C-5807-4FE2-9D7B-24084828A1D6}"
EndProject
Project("{2150E333-8FDC-42A3-9474-1A3956D46DE8}") = "Contract", "Contract", "{51A0E8F9-2B78-440A-A7B3-BCD7B111EC68}"
EndProject
Project("{2150E333-8FDC-42A3-9474-1A3956D46DE8}") = "Service Implementations", "Service Implementations", "{0B82B011-6607-4BA8-9362-8FC858748A5A}"
EndProject
Project("{2150E333-8FDC-42A3-9474-1A3956D46DE8}") = "Hosting", "Hosting", "{A47556E8-9653-414A-BC2B-EB170DA4B4B5}"
EndProject
Project("{2150E333-8FDC-42A3-9474-1A3956D46DE8}") = "Web", "Web", "{055EC237-3569-4EC2-835F-9A4335BD3A61}"
EndProject
Project("{2150E333-8FDC-42A3-9474-1A3956D46DE8}") = "Service Proxy", "Service Proxy", "{73BDEC09-EAF7-420A-BFA2-DCE78F30A862}"
EndProject
Project("{2150E333-8FDC-42A3-9474-1A3956D46DE8}") = "Infrastructure", "Infrastructure", "{55B6430E-B139-49CC-95D0-FADD4303785A}"
EndProject
Project("{2150E333-8FDC-42A3-9474-1A3956D46DE8}") = "Core", "Core", "{0CFA4187-11E4-4FEB-9246-9BA55B18E696}"
EndProject
Project("{2150E333-8FDC-42A3-9474-1A3956D46DE8}") = "WPF", "WPF", "{C37BD3CE-9D55-488D-BB90-F4AAE33407E6}"
EndProject
Project("{2150E333-8FDC-42A3-9474-1A3956D46DE8}") = "Applications", "Applications", "{A4516446-34B1-4CAC-96BA-02165F18E01F}"
EndProject
Project("{2150E333-8FDC-42A3-9474-1A3956D46DE8}") = "Modules", "Modules", "{68F94D92-C266-413E-998C-6ABC4EC177D0}"
EndProject
Project("{2150E333-8FDC-42A3-9474-1A3956D46DE8}") = "Core", "Core", "{F8350D7E-19B0-4130-8CBF-55317EB76BA7}"
EndProject
Project("{2150E333-8FDC-42A3-9474-1A3956D46DE8}") = "Customer", "Customer", "{5569E95C-0745-4B25-996B-0318F75038E5}"
EndProject
Project("{2150E333-8FDC-42A3-9474-1A3956D46DE8}") = "Orders", "Orders", "{2812AB83-6257-46F3-A0BC-5F6184616025}"
EndProject
Project("{2150E333-8FDC-42A3-9474-1A3956D46DE8}") = "Extensibility", "Extensibility", "{5472FD69-30F6-4858-877B-667204453BF1}"
EndProject
Project("{2150E333-8FDC-42A3-9474-1A3956D46DE8}") = "Shared", "Shared", "{0B9C34E0-BD47-47EC-931A-C8C608C8051F}"
EndProject
Project("{2150E333-8FDC-42A3-9474-1A3956D46DE8}") = "DI and IoC Interfaces", "DI and IoC Interfaces", "{6726DDE3-A135-4DC5-A4D4-2D15E8A83ACE}"
EndProject
Project("{2150E333-8FDC-42A3-9474-1A3956D46DE8}") = "DI and IoC Implementations", "DI and IoC Implementations", "{48B301B6-0C3E-4DDE-9337-780A710A90E9}"
EndProject
Project("{2150E333-8FDC-42A3-9474-1A3956D46DE8}") = "Views", "Views", "{3BBA505A-C7AC-4A1D-93C5-98C0013504FB}"
EndProject
Project("{2150E333-8FDC-42A3-9474-1A3956D46DE8}") = "View Componenets", "View Componenets", "{386FE7CE-E18B-4F5E-AD43-1F7F83B37539}"
EndProject
Project("{2150E333-8FDC-42A3-9474-1A3956D46DE8}") = "View Models", "View Models", "{184ED792-04F1-43A3-816B-86477CFA86E2}"
EndProject
Project("{2150E333-8FDC-42A3-9474-1A3956D46DE8}") = "Views", "Views", "{B8B0C06F-5E78-4201-A2BE-998F972497DA}"
EndProject
Project("{2150E333-8FDC-42A3-9474-1A3956D46DE8}") = "View componenets", "View componenets", "{34FF3DB1-072F-47D4-98FE-6C2297CF686D}"
EndProject
Project("{2150E333-8FDC-42A3-9474-1A3956D46DE8}") = "View Models", "View Models", "{7D08248C-58FE-4D3A-B98F-69ACCBC54FC5}"
EndProject
Project("{2150E333-8FDC-42A3-9474-1A3956D46DE8}") = "Views", "Views", "{38E6CD00-37ED-4E5C-8004-AF20D495DA50}"
EndProject
Project("{2150E333-8FDC-42A3-9474-1A3956D46DE8}") = "View Models", "View Models", "{F4892BAE-4981-4791-9EE0-73C92E31F7C9}"
EndProject
Project("{2150E333-8FDC-42A3-9474-1A3956D46DE8}") = "Widget", "Widget", "{61D7B824-FDEE-4B1E-8A86-2F5EF4F8EA35}"
EndProject
Project("{2150E333-8FDC-42A3-9474-1A3956D46DE8}") = "Data", "Data", "{3C838242-C20D-4996-8A6A-2E34EA78B063}"
EndProject
Project("{2150E333-8FDC-42A3-9474-1A3956D46DE8}") = "Fault", "Fault", "{637419F3-2AA8-4830-A0DC-BA189EFADC37}"
EndProject
Project("{2150E333-8FDC-42A3-9474-1A3956D46DE8}") = "Services", "Services", "{F79BA0DC-5A9F-419C-B015-BE1FAE15145A}"
EndProject
Project("{2150E333-8FDC-42A3-9474-1A3956D46DE8}") = "RichUI", "RichUI", "{749A0AEA-77AF-4582-ABF2-AE5D0DC1C35B}"
EndProject
Project("{2150E333-8FDC-42A3-9474-1A3956D46DE8}") = "Shared", "Shared", "{90956FCA-31F0-4002-999E-B1D892B956E0}"
EndProject
Project("{FAE04EC0-301F-11D3-BF4B-00C04F79EFBC}") = "Subhasish.Libraries.SOA.Contracts.Shared", "Subhasish.Libraries.SOA.Contracts.Shared\Subhasish.Libraries.SOA.Contracts.Shared.csproj", "{6D5504C9-52EE-4073-8248-0B7529CBF75C}"
EndProject
Project("{FAE04EC0-301F-11D3-BF4B-00C04F79EFBC}") = "Subhasish.Libraries.SOA.Data", "Subhasish.Libraries.SOA.Data\Subhasish.Libraries.SOA.Data.csproj", "{302BD137-EA03-4E64-A721-E22F22A94DF0}"
EndProject
Project("{FAE04EC0-301F-11D3-BF4B-00C04F79EFBC}") = "Subhasish.Libraries.SOA.Contracts.Fault", "Subhasish.Libraries.SOA.Contracts.Fault\Subhasish.Libraries.SOA.Contracts.Fault.csproj", "{6F0B6EDE-8C16-4339-BBFB-213770A9EB32}"
EndProject
Project("{FAE04EC0-301F-11D3-BF4B-00C04F79EFBC}") = "Subhasish.Libraries.ORM.Interfaces", "Subhasish.Libraries.ORM.Interfaces\Subhasish.Libraries.ORM.Interfaces.csproj", "{51A94470-1DF5-4BD9-B145-0EC0CCA14183}"
EndProject
Project("{FAE04EC0-301F-11D3-BF4B-00C04F79EFBC}") = "Subhasish.Libraries.ORM.Implementations", "Subhasish.Libraries.ORM.Implementations\Subhasish.Libraries.ORM.Implementations.csproj", "{4319BD15-5E1A-412A-B923-E0AF3E095D9B}"
EndProject
Project("{FAE04EC0-301F-11D3-BF4B-00C04F79EFBC}") = "Subhasish.Libraries.DAL.Interfaces", "Subhasish.Libraries.DAL.Interfaces\Subhasish.Libraries.DAL.Interfaces.csproj", "{92155147-1092-4B2E-BC90-0C25E4AB72E5}"
EndProject
Project("{FAE04EC0-301F-11D3-BF4B-00C04F79EFBC}") = "Subhasish.Libraries.DAL.Implementation", "Subhasish.Libraries.DAL.Implementation\Subhasish.Libraries.DAL.Implementation.csproj", "{BC407A3A-3552-4291-BE66-7B4DED65F59F}"
EndProject
Project("{FAE04EC0-301F-11D3-BF4B-00C04F79EFBC}") = "Subhasish.Libraries.Business.Interfaces", "Subhasish.Libraries.Business.Interfaces\Subhasish.Libraries.Business.Interfaces.csproj", "{D3E513A6-AEB4-4CB4-A09F-BABB1A319D90}"
EndProject
Project("{FAE04EC0-301F-11D3-BF4B-00C04F79EFBC}") = "Subhasish.Libraries.Business.Implementation", "Subhasish.Libraries.Business.Implementation\Subhasish.Libraries.Business.Implementation.csproj", "{05037917-A853-4AED-ADE4-9150ED181DE8}"
EndProject
Project("{FAE04EC0-301F-11D3-BF4B-00C04F79EFBC}") = "Subhasish.Libraries.SOA.Contracts.Services", "Subhasish.Libraries.SOA.Contracts.Services\Subhasish.Libraries.SOA.Contracts.Services.csproj", "{A7613A4D-2E2B-4BC1-8B99-7BF594037976}"
EndProject
Project("{FAE04EC0-301F-11D3-BF4B-00C04F79EFBC}") = "Subhasish.Libraries.SOA.Behaviors", "Subhasish.Libraries.SOA.Behaviors\Subhasish.Libraries.SOA.Behaviors.csproj", "{3189C7FC-CEA1-4ECF-8FB5-5C00FEC46A33}"
EndProject
Project("{E24C65DC-7377-472B-9ABA-BC803B73C61A}") = "OrderSystemWeb", "..\OrderSystemWeb", "{6C083AF4-8C1A-417B-8002-4A5283326652}"
	ProjectSection(WebsiteProperties) = preProject
		TargetFrameworkMoniker = ".NETFramework,Version%3Dv4.5.2"
		ProjectReferences = "{05037917-a853-4aed-ade4-9150ed181de8}|Subhasish.Libraries.Business.Implementation.dll;{D3E513A6-AEB4-4CB4-A09F-BABB1A319D90}|Subhasish.Libraries.Business.Interfaces.dll;{6D5504C9-52EE-4073-8248-0B7529CBF75C}|Subhasish.Libraries.SOA.Contracts.Shared.dll;{302BD137-EA03-4E64-A721-E22F22A94DF0}|Subhasish.Libraries.SOA.Data.dll;{92155147-1092-4B2E-BC90-0C25E4AB72E5}|Subhasish.Libraries.DAL.Interfaces.dll;{6F0B6EDE-8C16-4339-BBFB-213770A9EB32}|Subhasish.Libraries.SOA.Contracts.Fault.dll;{bc407a3a-3552-4291-be66-7b4ded65f59f}|Subhasish.Libraries.DAL.Implementation.dll;{51A94470-1DF5-4BD9-B145-0EC0CCA14183}|Subhasish.Libraries.ORM.Interfaces.dll;{4319bd15-5e1a-412a-b923-e0af3e095d9b}|Subhasish.Libraries.ORM.Implementations.dll;{3189c7fc-cea1-4ecf-8fb5-5c00fec46a33}|Subhasish.Libraries.SOA.Behaviors.dll;{A7613A4D-2E2B-4BC1-8B99-7BF594037976}|Subhasish.Libraries.SOA.Contracts.Services.dll;{a5beafdf-02d8-4c52-9d9d-6f9a43918a92}|Subhasish.Libraries.SOA.Extensibility.dll;{49402CCB-0CC0-425B-9595-49F9F9CE5F1C}|Subhasish.Libraries.Common.DI.Interfaces.dll;{C112FEF8-E127-41BE-B145-D79EB0BB09F7}|Subhasish.Libraries.Common.DI.ServiceProvider.dll;{BF6143C6-0DA0-452B-BC49-5AAC142C5086}|Subhasish.Libraries.DI.Implementation.dll;"
		Debug.AspNetCompiler.VirtualPath = "/localhost_55599"
		Debug.AspNetCompiler.PhysicalPath = "..\OrderSystemWeb\"
		Debug.AspNetCompiler.TargetPath = "PrecompiledWeb\localhost_55599\"
		Debug.AspNetCompiler.Updateable = "true"
		Debug.AspNetCompiler.ForceOverwrite = "true"
		Debug.AspNetCompiler.FixedNames = "false"
		Debug.AspNetCompiler.Debug = "True"
		Release.AspNetCompiler.VirtualPath = "/localhost_55599"
		Release.AspNetCompiler.PhysicalPath = "..\OrderSystemWeb\"
		Release.AspNetCompiler.TargetPath = "PrecompiledWeb\localhost_55599\"
		Release.AspNetCompiler.Updateable = "true"
		Release.AspNetCompiler.ForceOverwrite = "true"
		Release.AspNetCompiler.FixedNames = "false"
		Release.AspNetCompiler.Debug = "False"
		VWDPort = "55599"
		SlnRelativePath = "..\OrderSystemWeb\"
		DefaultWebSiteLanguage = "Visual C#"
	EndProjectSection
EndProject
Project("{2150E333-8FDC-42A3-9474-1A3956D46DE8}") = "Extensibility", "Extensibility", "{07BBF5D3-6725-413E-B978-D4A4EA95DF40}"
EndProject
Project("{FAE04EC0-301F-11D3-BF4B-00C04F79EFBC}") = "Subhasish.Libraries.Common.DI.Interfaces", "Subhasish.Libraries.Common.DI.Interfaces\Subhasish.Libraries.Common.DI.Interfaces.csproj", "{49402CCB-0CC0-425B-9595-49F9F9CE5F1C}"
EndProject
Project("{FAE04EC0-301F-11D3-BF4B-00C04F79EFBC}") = "Subhasish.Libraries.DI.Implementation", "Subhasish.Libraries.DI.Implementation\Subhasish.Libraries.DI.Implementation.csproj", "{BF6143C6-0DA0-452B-BC49-5AAC142C5086}"
EndProject
Project("{FAE04EC0-301F-11D3-BF4B-00C04F79EFBC}") = "Subhasish.Libraries.Common.DI.ServiceProvider", "Subhasish.Libraries.Common.DI.ServiceProvider\Subhasish.Libraries.Common.DI.ServiceProvider.csproj", "{C112FEF8-E127-41BE-B145-D79EB0BB09F7}"
EndProject
Project("{FAE04EC0-301F-11D3-BF4B-00C04F79EFBC}") = "Subhasish.Libraries.SOA.Extensibility", "Subhasish.Libraries.SOA.Extensibility\Subhasish.Libraries.SOA.Extensibility.csproj", "{A5BEAFDF-02D8-4C52-9D9D-6F9A43918A92}"
EndProject
Project("{FAE04EC0-301F-11D3-BF4B-00C04F79EFBC}") = "Subhasish.Libraries.SOA.Proxies", "Subhasish.Libraries.SOA.Proxies\Subhasish.Libraries.SOA.Proxies.csproj", "{0FA5D551-4DFC-4C00-B447-97E3EE85B569}"
EndProject
Project("{2150E333-8FDC-42A3-9474-1A3956D46DE8}") = "Test", "Test", "{039C70F8-D035-4DE6-AABA-C994408F8DBF}"
EndProject
Project("{FAE04EC0-301F-11D3-BF4B-00C04F79EFBC}") = "Subhasish.Libraries.SOA.Test", "Subhasish.Libraries.SOA.Test\Subhasish.Libraries.SOA.Test.csproj", "{B598E8DA-76F9-4A22-B1BB-7B642B1031B5}"
EndProject
Project("{FAE04EC0-301F-11D3-BF4B-00C04F79EFBC}") = "Subhasish.Apps.OrderSystem.RichUI", "Subhasish.Apps.OrderSystem.RichUI\Subhasish.Apps.OrderSystem.RichUI.csproj", "{9F5C033C-1D17-4251-8664-6752AF4E29DA}"
EndProject
Project("{2150E333-8FDC-42A3-9474-1A3956D46DE8}") = "Shell", "Shell", "{6A0F9192-62CC-477B-AB8D-9FA60E951968}"
EndProject
Project("{2150E333-8FDC-42A3-9474-1A3956D46DE8}") = "Bootstrappers", "Bootstrappers", "{9B38BD50-DBAF-4B34-A568-6DC89E876EFB}"
EndProject
Project("{FAE04EC0-301F-11D3-BF4B-00C04F79EFBC}") = "Subhasish.Libraries.UI.Bootstrappers", "Subhasish.Libraries.UI.Bootstrappers\Subhasish.Libraries.UI.Bootstrappers.csproj", "{15212321-25CD-4835-AD9F-5B49694E18F5}"
EndProject
Project("{FAE04EC0-301F-11D3-BF4B-00C04F79EFBC}") = "Subhasish.Libraries.UI.Shells", "Subhasish.Libraries.UI.Shells\Subhasish.Libraries.UI.Shells.csproj", "{9820499E-D969-477A-96B7-58250C8A6E2D}"
EndProject
Project("{FAE04EC0-301F-11D3-BF4B-00C04F79EFBC}") = "Subhasish.Libraries.UI.Shared", "Subhasish.Libraries.UI.Shared\Subhasish.Libraries.UI.Shared.csproj", "{186054CB-B824-4F91-B38D-F96070E3AAF2}"
EndProject
Project("{2150E333-8FDC-42A3-9474-1A3956D46DE8}") = "Modules", "Modules", "{D1320528-6756-4B21-AC57-6BD350E3B305}"
EndProject
Project("{FAE04EC0-301F-11D3-BF4B-00C04F79EFBC}") = "Subhasish.Libraries.UI.Modules.Core", "Subhasish.Libraries.UI.Modules.Core\Subhasish.Libraries.UI.Modules.Core.csproj", "{F5BA75D7-5F92-4373-8A02-5FEB7C84C1C0}"
EndProject
Project("{FAE04EC0-301F-11D3-BF4B-00C04F79EFBC}") = "Subhasish.Libraries.UI.Modules.Core.Widgets", "Subhasish.Libraries.UI.Modules.Core.Widgets\Subhasish.Libraries.UI.Modules.Core.Widgets.csproj", "{A5DADC0E-21D4-434D-8BE7-D4FB67AE72E5}"
EndProject
Project("{FAE04EC0-301F-11D3-BF4B-00C04F79EFBC}") = "Subhasish.Libraries.UI.Modules.Core.Views", "Subhasish.Libraries.UI.Modules.Core.Views\Subhasish.Libraries.UI.Modules.Core.Views.csproj", "{E0999978-87C5-4115-8C93-AE3F578E9E85}"
EndProject
Global
	GlobalSection(SolutionConfigurationPlatforms) = preSolution
		Debug|Any CPU = Debug|Any CPU
		Release|Any CPU = Release|Any CPU
	EndGlobalSection
	GlobalSection(ProjectConfigurationPlatforms) = postSolution
		{6D5504C9-52EE-4073-8248-0B7529CBF75C}.Debug|Any CPU.ActiveCfg = Debug|Any CPU
		{6D5504C9-52EE-4073-8248-0B7529CBF75C}.Debug|Any CPU.Build.0 = Debug|Any CPU
		{6D5504C9-52EE-4073-8248-0B7529CBF75C}.Release|Any CPU.ActiveCfg = Release|Any CPU
		{6D5504C9-52EE-4073-8248-0B7529CBF75C}.Release|Any CPU.Build.0 = Release|Any CPU
		{302BD137-EA03-4E64-A721-E22F22A94DF0}.Debug|Any CPU.ActiveCfg = Debug|Any CPU
		{302BD137-EA03-4E64-A721-E22F22A94DF0}.Debug|Any CPU.Build.0 = Debug|Any CPU
		{302BD137-EA03-4E64-A721-E22F22A94DF0}.Release|Any CPU.ActiveCfg = Release|Any CPU
		{302BD137-EA03-4E64-A721-E22F22A94DF0}.Release|Any CPU.Build.0 = Release|Any CPU
		{6F0B6EDE-8C16-4339-BBFB-213770A9EB32}.Debug|Any CPU.ActiveCfg = Debug|Any CPU
		{6F0B6EDE-8C16-4339-BBFB-213770A9EB32}.Debug|Any CPU.Build.0 = Debug|Any CPU
		{6F0B6EDE-8C16-4339-BBFB-213770A9EB32}.Release|Any CPU.ActiveCfg = Release|Any CPU
		{6F0B6EDE-8C16-4339-BBFB-213770A9EB32}.Release|Any CPU.Build.0 = Release|Any CPU
		{51A94470-1DF5-4BD9-B145-0EC0CCA14183}.Debug|Any CPU.ActiveCfg = Debug|Any CPU
		{51A94470-1DF5-4BD9-B145-0EC0CCA14183}.Debug|Any CPU.Build.0 = Debug|Any CPU
		{51A94470-1DF5-4BD9-B145-0EC0CCA14183}.Release|Any CPU.ActiveCfg = Release|Any CPU
		{51A94470-1DF5-4BD9-B145-0EC0CCA14183}.Release|Any CPU.Build.0 = Release|Any CPU
		{4319BD15-5E1A-412A-B923-E0AF3E095D9B}.Debug|Any CPU.ActiveCfg = Debug|Any CPU
		{4319BD15-5E1A-412A-B923-E0AF3E095D9B}.Debug|Any CPU.Build.0 = Debug|Any CPU
		{4319BD15-5E1A-412A-B923-E0AF3E095D9B}.Release|Any CPU.ActiveCfg = Release|Any CPU
		{4319BD15-5E1A-412A-B923-E0AF3E095D9B}.Release|Any CPU.Build.0 = Release|Any CPU
		{92155147-1092-4B2E-BC90-0C25E4AB72E5}.Debug|Any CPU.ActiveCfg = Debug|Any CPU
		{92155147-1092-4B2E-BC90-0C25E4AB72E5}.Debug|Any CPU.Build.0 = Debug|Any CPU
		{92155147-1092-4B2E-BC90-0C25E4AB72E5}.Release|Any CPU.ActiveCfg = Release|Any CPU
		{92155147-1092-4B2E-BC90-0C25E4AB72E5}.Release|Any CPU.Build.0 = Release|Any CPU
		{BC407A3A-3552-4291-BE66-7B4DED65F59F}.Debug|Any CPU.ActiveCfg = Debug|Any CPU
		{BC407A3A-3552-4291-BE66-7B4DED65F59F}.Debug|Any CPU.Build.0 = Debug|Any CPU
		{BC407A3A-3552-4291-BE66-7B4DED65F59F}.Release|Any CPU.ActiveCfg = Release|Any CPU
		{BC407A3A-3552-4291-BE66-7B4DED65F59F}.Release|Any CPU.Build.0 = Release|Any CPU
		{D3E513A6-AEB4-4CB4-A09F-BABB1A319D90}.Debug|Any CPU.ActiveCfg = Debug|Any CPU
		{D3E513A6-AEB4-4CB4-A09F-BABB1A319D90}.Debug|Any CPU.Build.0 = Debug|Any CPU
		{D3E513A6-AEB4-4CB4-A09F-BABB1A319D90}.Release|Any CPU.ActiveCfg = Release|Any CPU
		{D3E513A6-AEB4-4CB4-A09F-BABB1A319D90}.Release|Any CPU.Build.0 = Release|Any CPU
		{05037917-A853-4AED-ADE4-9150ED181DE8}.Debug|Any CPU.ActiveCfg = Debug|Any CPU
		{05037917-A853-4AED-ADE4-9150ED181DE8}.Debug|Any CPU.Build.0 = Debug|Any CPU
		{05037917-A853-4AED-ADE4-9150ED181DE8}.Release|Any CPU.ActiveCfg = Release|Any CPU
		{05037917-A853-4AED-ADE4-9150ED181DE8}.Release|Any CPU.Build.0 = Release|Any CPU
		{A7613A4D-2E2B-4BC1-8B99-7BF594037976}.Debug|Any CPU.ActiveCfg = Debug|Any CPU
		{A7613A4D-2E2B-4BC1-8B99-7BF594037976}.Debug|Any CPU.Build.0 = Debug|Any CPU
		{A7613A4D-2E2B-4BC1-8B99-7BF594037976}.Release|Any CPU.ActiveCfg = Release|Any CPU
		{A7613A4D-2E2B-4BC1-8B99-7BF594037976}.Release|Any CPU.Build.0 = Release|Any CPU
		{3189C7FC-CEA1-4ECF-8FB5-5C00FEC46A33}.Debug|Any CPU.ActiveCfg = Debug|Any CPU
		{3189C7FC-CEA1-4ECF-8FB5-5C00FEC46A33}.Debug|Any CPU.Build.0 = Debug|Any CPU
		{3189C7FC-CEA1-4ECF-8FB5-5C00FEC46A33}.Release|Any CPU.ActiveCfg = Release|Any CPU
		{3189C7FC-CEA1-4ECF-8FB5-5C00FEC46A33}.Release|Any CPU.Build.0 = Release|Any CPU
		{6C083AF4-8C1A-417B-8002-4A5283326652}.Debug|Any CPU.ActiveCfg = Debug|Any CPU
		{6C083AF4-8C1A-417B-8002-4A5283326652}.Debug|Any CPU.Build.0 = Debug|Any CPU
		{6C083AF4-8C1A-417B-8002-4A5283326652}.Release|Any CPU.ActiveCfg = Debug|Any CPU
		{6C083AF4-8C1A-417B-8002-4A5283326652}.Release|Any CPU.Build.0 = Debug|Any CPU
		{49402CCB-0CC0-425B-9595-49F9F9CE5F1C}.Debug|Any CPU.ActiveCfg = Debug|Any CPU
		{49402CCB-0CC0-425B-9595-49F9F9CE5F1C}.Debug|Any CPU.Build.0 = Debug|Any CPU
		{49402CCB-0CC0-425B-9595-49F9F9CE5F1C}.Release|Any CPU.ActiveCfg = Release|Any CPU
		{49402CCB-0CC0-425B-9595-49F9F9CE5F1C}.Release|Any CPU.Build.0 = Release|Any CPU
		{BF6143C6-0DA0-452B-BC49-5AAC142C5086}.Debug|Any CPU.ActiveCfg = Debug|Any CPU
		{BF6143C6-0DA0-452B-BC49-5AAC142C5086}.Debug|Any CPU.Build.0 = Debug|Any CPU
		{BF6143C6-0DA0-452B-BC49-5AAC142C5086}.Release|Any CPU.ActiveCfg = Release|Any CPU
		{BF6143C6-0DA0-452B-BC49-5AAC142C5086}.Release|Any CPU.Build.0 = Release|Any CPU
		{C112FEF8-E127-41BE-B145-D79EB0BB09F7}.Debug|Any CPU.ActiveCfg = Debug|Any CPU
		{C112FEF8-E127-41BE-B145-D79EB0BB09F7}.Debug|Any CPU.Build.0 = Debug|Any CPU
		{C112FEF8-E127-41BE-B145-D79EB0BB09F7}.Release|Any CPU.ActiveCfg = Release|Any CPU
		{C112FEF8-E127-41BE-B145-D79EB0BB09F7}.Release|Any CPU.Build.0 = Release|Any CPU
		{A5BEAFDF-02D8-4C52-9D9D-6F9A43918A92}.Debug|Any CPU.ActiveCfg = Debug|Any CPU
		{A5BEAFDF-02D8-4C52-9D9D-6F9A43918A92}.Debug|Any CPU.Build.0 = Debug|Any CPU
		{A5BEAFDF-02D8-4C52-9D9D-6F9A43918A92}.Release|Any CPU.ActiveCfg = Release|Any CPU
		{A5BEAFDF-02D8-4C52-9D9D-6F9A43918A92}.Release|Any CPU.Build.0 = Release|Any CPU
		{0FA5D551-4DFC-4C00-B447-97E3EE85B569}.Debug|Any CPU.ActiveCfg = Debug|Any CPU
		{0FA5D551-4DFC-4C00-B447-97E3EE85B569}.Debug|Any CPU.Build.0 = Debug|Any CPU
		{0FA5D551-4DFC-4C00-B447-97E3EE85B569}.Release|Any CPU.ActiveCfg = Release|Any CPU
		{0FA5D551-4DFC-4C00-B447-97E3EE85B569}.Release|Any CPU.Build.0 = Release|Any CPU
		{B598E8DA-76F9-4A22-B1BB-7B642B1031B5}.Debug|Any CPU.ActiveCfg = Debug|Any CPU
		{B598E8DA-76F9-4A22-B1BB-7B642B1031B5}.Debug|Any CPU.Build.0 = Debug|Any CPU
		{B598E8DA-76F9-4A22-B1BB-7B642B1031B5}.Release|Any CPU.ActiveCfg = Release|Any CPU
		{B598E8DA-76F9-4A22-B1BB-7B642B1031B5}.Release|Any CPU.Build.0 = Release|Any CPU
		{9F5C033C-1D17-4251-8664-6752AF4E29DA}.Debug|Any CPU.ActiveCfg = Debug|Any CPU
		{9F5C033C-1D17-4251-8664-6752AF4E29DA}.Debug|Any CPU.Build.0 = Debug|Any CPU
		{9F5C033C-1D17-4251-8664-6752AF4E29DA}.Release|Any CPU.ActiveCfg = Release|Any CPU
		{9F5C033C-1D17-4251-8664-6752AF4E29DA}.Release|Any CPU.Build.0 = Release|Any CPU
		{15212321-25CD-4835-AD9F-5B49694E18F5}.Debug|Any CPU.ActiveCfg = Debug|Any CPU
		{15212321-25CD-4835-AD9F-5B49694E18F5}.Debug|Any CPU.Build.0 = Debug|Any CPU
		{15212321-25CD-4835-AD9F-5B49694E18F5}.Release|Any CPU.ActiveCfg = Release|Any CPU
		{15212321-25CD-4835-AD9F-5B49694E18F5}.Release|Any CPU.Build.0 = Release|Any CPU
		{9820499E-D969-477A-96B7-58250C8A6E2D}.Debug|Any CPU.ActiveCfg = Debug|Any CPU
		{9820499E-D969-477A-96B7-58250C8A6E2D}.Debug|Any CPU.Build.0 = Debug|Any CPU
		{9820499E-D969-477A-96B7-58250C8A6E2D}.Release|Any CPU.ActiveCfg = Release|Any CPU
		{9820499E-D969-477A-96B7-58250C8A6E2D}.Release|Any CPU.Build.0 = Release|Any CPU
		{186054CB-B824-4F91-B38D-F96070E3AAF2}.Debug|Any CPU.ActiveCfg = Debug|Any CPU
		{186054CB-B824-4F91-B38D-F96070E3AAF2}.Debug|Any CPU.Build.0 = Debug|Any CPU
		{186054CB-B824-4F91-B38D-F96070E3AAF2}.Release|Any CPU.ActiveCfg = Release|Any CPU
		{186054CB-B824-4F91-B38D-F96070E3AAF2}.Release|Any CPU.Build.0 = Release|Any CPU
		{F5BA75D7-5F92-4373-8A02-5FEB7C84C1C0}.Debug|Any CPU.ActiveCfg = Debug|Any CPU
		{F5BA75D7-5F92-4373-8A02-5FEB7C84C1C0}.Debug|Any CPU.Build.0 = Debug|Any CPU
		{F5BA75D7-5F92-4373-8A02-5FEB7C84C1C0}.Release|Any CPU.ActiveCfg = Release|Any CPU
		{F5BA75D7-5F92-4373-8A02-5FEB7C84C1C0}.Release|Any CPU.Build.0 = Release|Any CPU
		{A5DADC0E-21D4-434D-8BE7-D4FB67AE72E5}.Debug|Any CPU.ActiveCfg = Debug|Any CPU
		{A5DADC0E-21D4-434D-8BE7-D4FB67AE72E5}.Debug|Any CPU.Build.0 = Debug|Any CPU
		{A5DADC0E-21D4-434D-8BE7-D4FB67AE72E5}.Release|Any CPU.ActiveCfg = Release|Any CPU
		{A5DADC0E-21D4-434D-8BE7-D4FB67AE72E5}.Release|Any CPU.Build.0 = Release|Any CPU
		{E0999978-87C5-4115-8C93-AE3F578E9E85}.Debug|Any CPU.ActiveCfg = Debug|Any CPU
		{E0999978-87C5-4115-8C93-AE3F578E9E85}.Debug|Any CPU.Build.0 = Debug|Any CPU
		{E0999978-87C5-4115-8C93-AE3F578E9E85}.Release|Any CPU.ActiveCfg = Release|Any CPU
		{E0999978-87C5-4115-8C93-AE3F578E9E85}.Release|Any CPU.Build.0 = Release|Any CPU
	EndGlobalSection
	GlobalSection(SolutionProperties) = preSolution
		HideSolutionNode = FALSE
	EndGlobalSection
	GlobalSection(NestedProjects) = preSolution
		{97E726D7-AB1F-4FEA-B8BB-2504611F220B} = {DF70D8E1-1D1F-4206-8207-87FD6DB30BB2}
		{880E0274-4B39-4904-8B6B-DDA6012FFF2E} = {DF70D8E1-1D1F-4206-8207-87FD6DB30BB2}
		{1B61F29C-BC34-4F69-AE1B-6DD16DF1D1E6} = {DF70D8E1-1D1F-4206-8207-87FD6DB30BB2}
		{339A78AD-7071-4518-B348-7FD81041873F} = {DF70D8E1-1D1F-4206-8207-87FD6DB30BB2}
		{14959207-503B-4E7C-9E66-9064EEF8982F} = {880E0274-4B39-4904-8B6B-DDA6012FFF2E}
		{142DCB89-5758-4923-A1E2-710BC8176104} = {1B61F29C-BC34-4F69-AE1B-6DD16DF1D1E6}
		{A31C24B9-73C5-4C13-ABD3-D7FC172E4A0E} = {339A78AD-7071-4518-B348-7FD81041873F}
		{A0534CB8-00FD-413E-A1B2-3F84BA235657} = {D318DEE7-EB7D-4F2D-891E-F937B64E7EFF}
		{4EB19D28-8B20-4935-BAAF-B172A955AC85} = {A0534CB8-00FD-413E-A1B2-3F84BA235657}
		{9D79458F-C73F-4632-89E3-F7192E863684} = {14959207-503B-4E7C-9E66-9064EEF8982F}
		{D91EEA2D-D0ED-470A-B005-A06B2EE49DD4} = {14959207-503B-4E7C-9E66-9064EEF8982F}
		{18E062D7-C142-43F1-AD41-E86B5FBBA749} = {9D79458F-C73F-4632-89E3-F7192E863684}
		{726D65DE-5025-4500-B194-ADDB73D43F14} = {9D79458F-C73F-4632-89E3-F7192E863684}
		{A6019484-7613-4F7C-9D26-33795D0BFFF0} = {D91EEA2D-D0ED-470A-B005-A06B2EE49DD4}
		{5E60A5A2-3CA1-44D4-9903-D7F2FE63CA8F} = {D91EEA2D-D0ED-470A-B005-A06B2EE49DD4}
		{4BF1ECD5-A75E-428A-B556-5D485D19588C} = {142DCB89-5758-4923-A1E2-710BC8176104}
		{9C43925C-5807-4FE2-9D7B-24084828A1D6} = {142DCB89-5758-4923-A1E2-710BC8176104}
		{51A0E8F9-2B78-440A-A7B3-BCD7B111EC68} = {A31C24B9-73C5-4C13-ABD3-D7FC172E4A0E}
		{0B82B011-6607-4BA8-9362-8FC858748A5A} = {A31C24B9-73C5-4C13-ABD3-D7FC172E4A0E}
		{A47556E8-9653-414A-BC2B-EB170DA4B4B5} = {A31C24B9-73C5-4C13-ABD3-D7FC172E4A0E}
		{055EC237-3569-4EC2-835F-9A4335BD3A61} = {A47556E8-9653-414A-BC2B-EB170DA4B4B5}
		{73BDEC09-EAF7-420A-BFA2-DCE78F30A862} = {749A0AEA-77AF-4582-ABF2-AE5D0DC1C35B}
		{55B6430E-B139-49CC-95D0-FADD4303785A} = {749A0AEA-77AF-4582-ABF2-AE5D0DC1C35B}
		{0CFA4187-11E4-4FEB-9246-9BA55B18E696} = {55B6430E-B139-49CC-95D0-FADD4303785A}
		{C37BD3CE-9D55-488D-BB90-F4AAE33407E6} = {55B6430E-B139-49CC-95D0-FADD4303785A}
		{A4516446-34B1-4CAC-96BA-02165F18E01F} = {749A0AEA-77AF-4582-ABF2-AE5D0DC1C35B}
		{68F94D92-C266-413E-998C-6ABC4EC177D0} = {749A0AEA-77AF-4582-ABF2-AE5D0DC1C35B}
		{F8350D7E-19B0-4130-8CBF-55317EB76BA7} = {68F94D92-C266-413E-998C-6ABC4EC177D0}
		{5569E95C-0745-4B25-996B-0318F75038E5} = {68F94D92-C266-413E-998C-6ABC4EC177D0}
		{2812AB83-6257-46F3-A0BC-5F6184616025} = {68F94D92-C266-413E-998C-6ABC4EC177D0}
		{5472FD69-30F6-4858-877B-667204453BF1} = {749A0AEA-77AF-4582-ABF2-AE5D0DC1C35B}
		{0B9C34E0-BD47-47EC-931A-C8C608C8051F} = {749A0AEA-77AF-4582-ABF2-AE5D0DC1C35B}
		{6726DDE3-A135-4DC5-A4D4-2D15E8A83ACE} = {97E726D7-AB1F-4FEA-B8BB-2504611F220B}
		{48B301B6-0C3E-4DDE-9337-780A710A90E9} = {97E726D7-AB1F-4FEA-B8BB-2504611F220B}
		{3BBA505A-C7AC-4A1D-93C5-98C0013504FB} = {5569E95C-0745-4B25-996B-0318F75038E5}
		{386FE7CE-E18B-4F5E-AD43-1F7F83B37539} = {5569E95C-0745-4B25-996B-0318F75038E5}
		{184ED792-04F1-43A3-816B-86477CFA86E2} = {5569E95C-0745-4B25-996B-0318F75038E5}
		{B8B0C06F-5E78-4201-A2BE-998F972497DA} = {2812AB83-6257-46F3-A0BC-5F6184616025}
		{34FF3DB1-072F-47D4-98FE-6C2297CF686D} = {2812AB83-6257-46F3-A0BC-5F6184616025}
		{7D08248C-58FE-4D3A-B98F-69ACCBC54FC5} = {2812AB83-6257-46F3-A0BC-5F6184616025}
		{38E6CD00-37ED-4E5C-8004-AF20D495DA50} = {F8350D7E-19B0-4130-8CBF-55317EB76BA7}
		{F4892BAE-4981-4791-9EE0-73C92E31F7C9} = {F8350D7E-19B0-4130-8CBF-55317EB76BA7}
		{61D7B824-FDEE-4B1E-8A86-2F5EF4F8EA35} = {F8350D7E-19B0-4130-8CBF-55317EB76BA7}
		{3C838242-C20D-4996-8A6A-2E34EA78B063} = {51A0E8F9-2B78-440A-A7B3-BCD7B111EC68}
		{637419F3-2AA8-4830-A0DC-BA189EFADC37} = {51A0E8F9-2B78-440A-A7B3-BCD7B111EC68}
		{F79BA0DC-5A9F-419C-B015-BE1FAE15145A} = {51A0E8F9-2B78-440A-A7B3-BCD7B111EC68}
		{749A0AEA-77AF-4582-ABF2-AE5D0DC1C35B} = {4EB19D28-8B20-4935-BAAF-B172A955AC85}
		{90956FCA-31F0-4002-999E-B1D892B956E0} = {51A0E8F9-2B78-440A-A7B3-BCD7B111EC68}
		{6D5504C9-52EE-4073-8248-0B7529CBF75C} = {90956FCA-31F0-4002-999E-B1D892B956E0}
		{302BD137-EA03-4E64-A721-E22F22A94DF0} = {3C838242-C20D-4996-8A6A-2E34EA78B063}
		{6F0B6EDE-8C16-4339-BBFB-213770A9EB32} = {637419F3-2AA8-4830-A0DC-BA189EFADC37}
		{51A94470-1DF5-4BD9-B145-0EC0CCA14183} = {18E062D7-C142-43F1-AD41-E86B5FBBA749}
		{4319BD15-5E1A-412A-B923-E0AF3E095D9B} = {726D65DE-5025-4500-B194-ADDB73D43F14}
		{92155147-1092-4B2E-BC90-0C25E4AB72E5} = {A6019484-7613-4F7C-9D26-33795D0BFFF0}
		{BC407A3A-3552-4291-BE66-7B4DED65F59F} = {5E60A5A2-3CA1-44D4-9903-D7F2FE63CA8F}
		{D3E513A6-AEB4-4CB4-A09F-BABB1A319D90} = {9C43925C-5807-4FE2-9D7B-24084828A1D6}
		{05037917-A853-4AED-ADE4-9150ED181DE8} = {4BF1ECD5-A75E-428A-B556-5D485D19588C}
		{A7613A4D-2E2B-4BC1-8B99-7BF594037976} = {F79BA0DC-5A9F-419C-B015-BE1FAE15145A}
		{3189C7FC-CEA1-4ECF-8FB5-5C00FEC46A33} = {0B82B011-6607-4BA8-9362-8FC858748A5A}
		{6C083AF4-8C1A-417B-8002-4A5283326652} = {055EC237-3569-4EC2-835F-9A4335BD3A61}
		{07BBF5D3-6725-413E-B978-D4A4EA95DF40} = {A31C24B9-73C5-4C13-ABD3-D7FC172E4A0E}
		{49402CCB-0CC0-425B-9595-49F9F9CE5F1C} = {6726DDE3-A135-4DC5-A4D4-2D15E8A83ACE}
		{BF6143C6-0DA0-452B-BC49-5AAC142C5086} = {48B301B6-0C3E-4DDE-9337-780A710A90E9}
		{C112FEF8-E127-41BE-B145-D79EB0BB09F7} = {48B301B6-0C3E-4DDE-9337-780A710A90E9}
		{A5BEAFDF-02D8-4C52-9D9D-6F9A43918A92} = {07BBF5D3-6725-413E-B978-D4A4EA95DF40}
		{0FA5D551-4DFC-4C00-B447-97E3EE85B569} = {73BDEC09-EAF7-420A-BFA2-DCE78F30A862}
		{039C70F8-D035-4DE6-AABA-C994408F8DBF} = {749A0AEA-77AF-4582-ABF2-AE5D0DC1C35B}
		{B598E8DA-76F9-4A22-B1BB-7B642B1031B5} = {039C70F8-D035-4DE6-AABA-C994408F8DBF}
		{9F5C033C-1D17-4251-8664-6752AF4E29DA} = {A4516446-34B1-4CAC-96BA-02165F18E01F}
		{6A0F9192-62CC-477B-AB8D-9FA60E951968} = {749A0AEA-77AF-4582-ABF2-AE5D0DC1C35B}
		{9B38BD50-DBAF-4B34-A568-6DC89E876EFB} = {749A0AEA-77AF-4582-ABF2-AE5D0DC1C35B}
		{15212321-25CD-4835-AD9F-5B49694E18F5} = {9B38BD50-DBAF-4B34-A568-6DC89E876EFB}
		{9820499E-D969-477A-96B7-58250C8A6E2D} = {6A0F9192-62CC-477B-AB8D-9FA60E951968}
		{186054CB-B824-4F91-B38D-F96070E3AAF2} = {0B9C34E0-BD47-47EC-931A-C8C608C8051F}
		{D1320528-6756-4B21-AC57-6BD350E3B305} = {F8350D7E-19B0-4130-8CBF-55317EB76BA7}
		{F5BA75D7-5F92-4373-8A02-5FEB7C84C1C0} = {D1320528-6756-4B21-AC57-6BD350E3B305}
		{A5DADC0E-21D4-434D-8BE7-D4FB67AE72E5} = {61D7B824-FDEE-4B1E-8A86-2F5EF4F8EA35}
		{E0999978-87C5-4115-8C93-AE3F578E9E85} = {38E6CD00-37ED-4E5C-8004-AF20D495DA50}
	EndGlobalSection
EndGlobal
