
Microsoft Visual Studio Solution File, Format Version 12.00
# Visual Studio 14
VisualStudioVersion = 14.0.23107.0
MinimumVisualStudioVersion = 10.0.40219.1
Project("{2150E333-8FDC-42A3-9474-1A3956D46DE8}") = "Back-End", "Back-End", "{096EAC09-37E8-4402-92EF-60BA8FA1F161}"
EndProject
Project("{2150E333-8FDC-42A3-9474-1A3956D46DE8}") = "Common", "Common", "{87FE8289-3DDA-4BFC-A89E-93F049533FDF}"
EndProject
Project("{2150E333-8FDC-42A3-9474-1A3956D46DE8}") = "Fron-End", "Fron-End", "{B626132C-962A-498F-811B-B35931EAC6E3}"
EndProject
Project("{2150E333-8FDC-42A3-9474-1A3956D46DE8}") = "DataAccess", "DataAccess", "{F1BE0BA2-50EC-4F2A-86F2-5C013A492AA8}"
EndProject
Project("{2150E333-8FDC-42A3-9474-1A3956D46DE8}") = "Services", "Services", "{A25F8F5B-9B4F-4C7C-BA8A-0B26AD5B22C2}"
EndProject
Project("{2150E333-8FDC-42A3-9474-1A3956D46DE8}") = "Hosting", "Hosting", "{4DB50A38-9897-4258-A9F7-87088B85CE00}"
EndProject
Project("{2150E333-8FDC-42A3-9474-1A3956D46DE8}") = "ServiceImplementations", "ServiceImplementations", "{7C8255D2-DB52-4B29-B044-4F88ECC88B06}"
EndProject
Project("{2150E333-8FDC-42A3-9474-1A3956D46DE8}") = "Contracts", "Contracts", "{E39F9C61-41E9-4BFF-863B-1BA06742E0EC}"
EndProject
Project("{2150E333-8FDC-42A3-9474-1A3956D46DE8}") = "Data", "Data", "{40647549-CE3B-478F-AA90-DF6CD9B38E6B}"
EndProject
Project("{2150E333-8FDC-42A3-9474-1A3956D46DE8}") = "Fault", "Fault", "{313BFDC9-8E8F-4EC0-AE5C-33D38F4004C9}"
EndProject
Project("{2150E333-8FDC-42A3-9474-1A3956D46DE8}") = "Services", "Services", "{AE05B072-C6D2-4A14-A753-66301FE55555}"
EndProject
Project("{2150E333-8FDC-42A3-9474-1A3956D46DE8}") = "Proxies", "Proxies", "{B65DDC2D-55BA-4EC9-A070-996C4536409C}"
EndProject
Project("{2150E333-8FDC-42A3-9474-1A3956D46DE8}") = "Shared", "Shared", "{FFBE9C4C-5E07-4C86-83B4-B58BDCCC7D5B}"
EndProject
Project("{FAE04EC0-301F-11D3-BF4B-00C04F79EFBC}") = "Subhasish.Libraries.SOA.Contracts.Shared", "Subhasish.Libraries.SOA.Contracts.Shared\Subhasish.Libraries.SOA.Contracts.Shared.csproj", "{2549F1D3-E358-46F8-ABAB-3C2A5A27C171}"
EndProject
Project("{FAE04EC0-301F-11D3-BF4B-00C04F79EFBC}") = "Subhasish.Libraries.SOA.Contracts.Data", "Subhasish.Libraries.SOA.Contracts.Data\Subhasish.Libraries.SOA.Contracts.Data.csproj", "{A262B361-6066-4D78-A3AE-790F901C0B9B}"
EndProject
Project("{FAE04EC0-301F-11D3-BF4B-00C04F79EFBC}") = "Subhasish.Libraries.SOA.Contracts.Faults", "Subhasish.Libraries.SOA.Contracts.Faults\Subhasish.Libraries.SOA.Contracts.Faults.csproj", "{425556FD-DA31-462A-99AC-07691D3D905B}"
EndProject
Project("{FAE04EC0-301F-11D3-BF4B-00C04F79EFBC}") = "Subhasish.Libraries.DAL.Interfaces", "Subhasish.Libraries.DAL.Interfaces\Subhasish.Libraries.DAL.Interfaces.csproj", "{733905D3-D22F-41FE-938A-AAB473FE1BD9}"
EndProject
Project("{FAE04EC0-301F-11D3-BF4B-00C04F79EFBC}") = "Subhasish.Libraries.DAL.Impl", "Subhasish.Libraries.DAL.Impl\Subhasish.Libraries.DAL.Impl.csproj", "{8F00F7F9-3CF1-4CC8-8AB0-6871747E4AF6}"
EndProject
Project("{FAE04EC0-301F-11D3-BF4B-00C04F79EFBC}") = "Subhasish.Libraries.SOA.Contracts.Services", "Subhasish.Libraries.SOA.Contracts.Services\Subhasish.Libraries.SOA.Contracts.Services.csproj", "{14C99922-1D98-4328-ADCB-1A1FB9946C62}"
EndProject
Project("{FAE04EC0-301F-11D3-BF4B-00C04F79EFBC}") = "Subhasish.Libraries.SOA.Behaviors", "Subhasish.Libraries.SOA.Behaviors\Subhasish.Libraries.SOA.Behaviors.csproj", "{557959D1-FC4D-48B6-AA99-3905CA5613D5}"
EndProject
Project("{E24C65DC-7377-472B-9ABA-BC803B73C61A}") = "OrderSystemWeb(1)", "..\..\..\..\..\Users\subha\Documents\Visual Studio 2015\WebSites\OrderSystemWeb", "{9CA2EEB2-7767-4374-8AF1-8E149F99EE04}"
	ProjectSection(WebsiteProperties) = preProject
		TargetFrameworkMoniker = ".NETFramework,Version%3Dv4.5.2"
		ProjectReferences = "{8f00f7f9-3cf1-4cc8-8ab0-6871747e4af6}|Subhasish.Libraries.DAL.Impl.dll;{733905D3-D22F-41FE-938A-AAB473FE1BD9}|Subhasish.Libraries.DAL.Interfaces.dll;{A262B361-6066-4D78-A3AE-790F901C0B9B}|Subhasish.Libraries.SOA.Contracts.Data.dll;{2549F1D3-E358-46F8-ABAB-3C2A5A27C171}|Subhasish.Libraries.SOA.Contracts.Shared.dll;{557959d1-fc4d-48b6-aa99-3905ca5613d5}|Subhasish.Libraries.SOA.Behaviors.dll;{425556FD-DA31-462A-99AC-07691D3D905B}|Subhasish.Libraries.SOA.Contracts.Faults.dll;{14C99922-1D98-4328-ADCB-1A1FB9946C62}|Subhasish.Libraries.SOA.Contracts.Services.dll;"
		Debug.AspNetCompiler.VirtualPath = "/localhost_59532"
		Debug.AspNetCompiler.PhysicalPath = "..\..\..\..\..\Users\subha\Documents\Visual Studio 2015\WebSites\OrderSystemWeb\"
		Debug.AspNetCompiler.TargetPath = "PrecompiledWeb\localhost_59532\"
		Debug.AspNetCompiler.Updateable = "true"
		Debug.AspNetCompiler.ForceOverwrite = "true"
		Debug.AspNetCompiler.FixedNames = "false"
		Debug.AspNetCompiler.Debug = "True"
		Release.AspNetCompiler.VirtualPath = "/localhost_59532"
		Release.AspNetCompiler.PhysicalPath = "..\..\..\..\..\Users\subha\Documents\Visual Studio 2015\WebSites\OrderSystemWeb\"
		Release.AspNetCompiler.TargetPath = "PrecompiledWeb\localhost_59532\"
		Release.AspNetCompiler.Updateable = "true"
		Release.AspNetCompiler.ForceOverwrite = "true"
		Release.AspNetCompiler.FixedNames = "false"
		Release.AspNetCompiler.Debug = "False"
		VWDPort = "59532"
		SlnRelativePath = "..\..\..\..\..\Users\subha\Documents\Visual Studio 2015\WebSites\OrderSystemWeb\"
		DefaultWebSiteLanguage = "Visual C#"
	EndProjectSection
EndProject
Project("{FAE04EC0-301F-11D3-BF4B-00C04F79EFBC}") = "Subhasish.Libraries.SOA.Proxies", "Subhasish.Libraries.SOA.Proxies\Subhasish.Libraries.SOA.Proxies.csproj", "{8045BC8F-3266-45E7-8115-174E0EF1E550}"
EndProject
Project("{FAE04EC0-301F-11D3-BF4B-00C04F79EFBC}") = "Samsung.Libraries.SOA.Proxies.Tests", "Samsung.Libraries.SOA.Proxies.Tests\Samsung.Libraries.SOA.Proxies.Tests.csproj", "{2B9897A2-C2E1-4C7B-A965-015DCF106CCA}"
EndProject
Project("{2150E333-8FDC-42A3-9474-1A3956D46DE8}") = "Applications", "Applications", "{0833EDDE-F92B-4B1B-AF5D-DBB583832E38}"
EndProject
Project("{2150E333-8FDC-42A3-9474-1A3956D46DE8}") = "Bootstrappers", "Bootstrappers", "{A5E1A950-AC84-40A9-BCF9-05FDDC5EC395}"
EndProject
Project("{2150E333-8FDC-42A3-9474-1A3956D46DE8}") = "Extensibility", "Extensibility", "{1028BF16-826A-4DC3-9736-5D62D5BD9243}"
EndProject
Project("{2150E333-8FDC-42A3-9474-1A3956D46DE8}") = "Framework", "Framework", "{8704FB70-1B01-4BDA-B8DC-AFCB3B8FE3E3}"
EndProject
Project("{2150E333-8FDC-42A3-9474-1A3956D46DE8}") = "Infrastructure", "Infrastructure", "{EB394142-DD76-4F9F-9124-248CDAA5EA6A}"
EndProject
Project("{2150E333-8FDC-42A3-9474-1A3956D46DE8}") = "Shared", "Shared", "{C4252FEE-BFB8-40CE-A499-A9A041EF4607}"
EndProject
Project("{2150E333-8FDC-42A3-9474-1A3956D46DE8}") = "Utilities", "Utilities", "{9EB3956A-8B42-4509-ACB5-CA181E93F3BB}"
EndProject
Project("{2150E333-8FDC-42A3-9474-1A3956D46DE8}") = "View Components", "View Components", "{B2DAD865-F26B-442E-99B1-5A1982C53D02}"
EndProject
Project("{2150E333-8FDC-42A3-9474-1A3956D46DE8}") = "View Models", "View Models", "{B5198C82-8C8C-4F5C-884E-C184ED2E932A}"
EndProject
Project("{2150E333-8FDC-42A3-9474-1A3956D46DE8}") = "Views", "Views", "{7ED6B65D-90A0-4E02-9DEE-B8E3420D6932}"
EndProject
Project("{2150E333-8FDC-42A3-9474-1A3956D46DE8}") = "DI and IoC", "DI and IoC", "{3D9CB6DF-2595-41FD-BFDB-27E101CB1E83}"
EndProject
Project("{FAE04EC0-301F-11D3-BF4B-00C04F79EFBC}") = "Subhasish.Apps.OrderSystem.RichUI", "Subhasish.Apps.OrderSystem.RichUI\Subhasish.Apps.OrderSystem.RichUI.csproj", "{F5988D83-AC9F-4352-AE3F-6F510879BA72}"
EndProject
Project("{FAE04EC0-301F-11D3-BF4B-00C04F79EFBC}") = "Subhasish.Libraries.UI.Framework", "Subhasish.Libraries.UI.Framework\Subhasish.Libraries.UI.Framework.csproj", "{D5BAA1B4-EC05-48DE-AE53-2B89AAD3CC9B}"
EndProject
Project("{FAE04EC0-301F-11D3-BF4B-00C04F79EFBC}") = "Subhasish.Libraries.UI.Utilities.Interfaces", "Subhasish.Libraries.UI.Utilities.Interfaces\Subhasish.Libraries.UI.Utilities.Interfaces.csproj", "{F6942949-7F23-4680-A5BE-E5027345257F}"
EndProject
Project("{FAE04EC0-301F-11D3-BF4B-00C04F79EFBC}") = "Subhasish.Libraries.UI.Utilities.Impl", "Subhasish.Libraries.UI.Utilities.Impl\Subhasish.Libraries.UI.Utilities.Impl.csproj", "{B59F36AD-4F0F-4A99-834B-EC2FB023F31A}"
EndProject
Project("{FAE04EC0-301F-11D3-BF4B-00C04F79EFBC}") = "Subhasish.Libraries.UI.Extensibility", "Subhasish.Libraries.UI.Extensibility\Subhasish.Libraries.UI.Extensibility.csproj", "{EBEA2AEE-B14A-4BAB-BFCB-4E88AE6E63E1}"
EndProject
Project("{FAE04EC0-301F-11D3-BF4B-00C04F79EFBC}") = "Subhasish.Libraries.UI.Views", "Subhasish.Libraries.UI.Views\Subhasish.Libraries.UI.Views.csproj", "{DC4724E7-801C-4932-8295-B607D35AB011}"
EndProject
Project("{FAE04EC0-301F-11D3-BF4B-00C04F79EFBC}") = "Subhasish.Libraries.UI.ViewComponents", "Subhasish.Libraries.UI.ViewComponents\Subhasish.Libraries.UI.ViewComponents.csproj", "{6AEE34EC-8AFD-4F91-9C73-FFD33E84233E}"
EndProject
Project("{FAE04EC0-301F-11D3-BF4B-00C04F79EFBC}") = "Subhasish.Libraries.UI.ViewModels", "Subhasish.Libraries.UI.ViewModels\Subhasish.Libraries.UI.ViewModels.csproj", "{00E98FF8-E371-48ED-883E-B538D88AD3BD}"
EndProject
Project("{FAE04EC0-301F-11D3-BF4B-00C04F79EFBC}") = "Subhasish.Libraries.UI.ViewModels.Impl", "Subhasish.Libraries.UI.ViewModels.Impl\Subhasish.Libraries.UI.ViewModels.Impl.csproj", "{565FF41F-1240-4D06-BBAB-C58B2688958A}"
EndProject
Project("{FAE04EC0-301F-11D3-BF4B-00C04F79EFBC}") = "Subhasish.Libraries.UI.Shared", "Subhasish.Libraries.UI.Shared\Subhasish.Libraries.UI.Shared.csproj", "{E68A0165-C14F-4537-B814-84425E8BD757}"
EndProject
Project("{FAE04EC0-301F-11D3-BF4B-00C04F79EFBC}") = "Subhasish.Libraries.UI.Bootstrappers", "Subhasish.Libraries.UI.Bootstrappers\Subhasish.Libraries.UI.Bootstrappers.csproj", "{29D4E770-9278-4916-980B-45889E195828}"
EndProject
Project("{2150E333-8FDC-42A3-9474-1A3956D46DE8}") = "Core", "Core", "{ECD1823D-AFBC-460A-A222-C63DEBAD72AB}"
EndProject
Project("{FAE04EC0-301F-11D3-BF4B-00C04F79EFBC}") = "Subhasish.Libraries.UI.Infrastructure.Core", "Subhasish.Libraries.UI.Infrastructure.Core\Subhasish.Libraries.UI.Infrastructure.Core.csproj", "{C1526E88-BBEE-4BBF-B44D-4D6DFBD6E719}"
EndProject
Project("{2150E333-8FDC-42A3-9474-1A3956D46DE8}") = "WPF", "WPF", "{4595DC53-787D-46B3-AB6A-9D16774D369A}"
EndProject
Project("{FAE04EC0-301F-11D3-BF4B-00C04F79EFBC}") = "Subhasish.Libraries.UI.Infrastructure.WPF", "Subhasish.Libraries.UI.Infrastructure.WPF\Subhasish.Libraries.UI.Infrastructure.WPF.csproj", "{6A1342A6-9951-4111-92D2-9AAEEED2F939}"
EndProject
Global
	GlobalSection(SolutionConfigurationPlatforms) = preSolution
		Debug|Any CPU = Debug|Any CPU
		Release|Any CPU = Release|Any CPU
	EndGlobalSection
	GlobalSection(ProjectConfigurationPlatforms) = postSolution
		{2549F1D3-E358-46F8-ABAB-3C2A5A27C171}.Debug|Any CPU.ActiveCfg = Debug|Any CPU
		{2549F1D3-E358-46F8-ABAB-3C2A5A27C171}.Debug|Any CPU.Build.0 = Debug|Any CPU
		{2549F1D3-E358-46F8-ABAB-3C2A5A27C171}.Release|Any CPU.ActiveCfg = Release|Any CPU
		{2549F1D3-E358-46F8-ABAB-3C2A5A27C171}.Release|Any CPU.Build.0 = Release|Any CPU
		{A262B361-6066-4D78-A3AE-790F901C0B9B}.Debug|Any CPU.ActiveCfg = Debug|Any CPU
		{A262B361-6066-4D78-A3AE-790F901C0B9B}.Debug|Any CPU.Build.0 = Debug|Any CPU
		{A262B361-6066-4D78-A3AE-790F901C0B9B}.Release|Any CPU.ActiveCfg = Release|Any CPU
		{A262B361-6066-4D78-A3AE-790F901C0B9B}.Release|Any CPU.Build.0 = Release|Any CPU
		{425556FD-DA31-462A-99AC-07691D3D905B}.Debug|Any CPU.ActiveCfg = Debug|Any CPU
		{425556FD-DA31-462A-99AC-07691D3D905B}.Debug|Any CPU.Build.0 = Debug|Any CPU
		{425556FD-DA31-462A-99AC-07691D3D905B}.Release|Any CPU.ActiveCfg = Release|Any CPU
		{425556FD-DA31-462A-99AC-07691D3D905B}.Release|Any CPU.Build.0 = Release|Any CPU
		{733905D3-D22F-41FE-938A-AAB473FE1BD9}.Debug|Any CPU.ActiveCfg = Debug|Any CPU
		{733905D3-D22F-41FE-938A-AAB473FE1BD9}.Debug|Any CPU.Build.0 = Debug|Any CPU
		{733905D3-D22F-41FE-938A-AAB473FE1BD9}.Release|Any CPU.ActiveCfg = Release|Any CPU
		{733905D3-D22F-41FE-938A-AAB473FE1BD9}.Release|Any CPU.Build.0 = Release|Any CPU
		{8F00F7F9-3CF1-4CC8-8AB0-6871747E4AF6}.Debug|Any CPU.ActiveCfg = Debug|Any CPU
		{8F00F7F9-3CF1-4CC8-8AB0-6871747E4AF6}.Debug|Any CPU.Build.0 = Debug|Any CPU
		{8F00F7F9-3CF1-4CC8-8AB0-6871747E4AF6}.Release|Any CPU.ActiveCfg = Release|Any CPU
		{8F00F7F9-3CF1-4CC8-8AB0-6871747E4AF6}.Release|Any CPU.Build.0 = Release|Any CPU
		{14C99922-1D98-4328-ADCB-1A1FB9946C62}.Debug|Any CPU.ActiveCfg = Debug|Any CPU
		{14C99922-1D98-4328-ADCB-1A1FB9946C62}.Debug|Any CPU.Build.0 = Debug|Any CPU
		{14C99922-1D98-4328-ADCB-1A1FB9946C62}.Release|Any CPU.ActiveCfg = Release|Any CPU
		{14C99922-1D98-4328-ADCB-1A1FB9946C62}.Release|Any CPU.Build.0 = Release|Any CPU
		{557959D1-FC4D-48B6-AA99-3905CA5613D5}.Debug|Any CPU.ActiveCfg = Debug|Any CPU
		{557959D1-FC4D-48B6-AA99-3905CA5613D5}.Debug|Any CPU.Build.0 = Debug|Any CPU
		{557959D1-FC4D-48B6-AA99-3905CA5613D5}.Release|Any CPU.ActiveCfg = Release|Any CPU
		{557959D1-FC4D-48B6-AA99-3905CA5613D5}.Release|Any CPU.Build.0 = Release|Any CPU
		{9CA2EEB2-7767-4374-8AF1-8E149F99EE04}.Debug|Any CPU.ActiveCfg = Debug|Any CPU
		{9CA2EEB2-7767-4374-8AF1-8E149F99EE04}.Debug|Any CPU.Build.0 = Debug|Any CPU
		{9CA2EEB2-7767-4374-8AF1-8E149F99EE04}.Release|Any CPU.ActiveCfg = Debug|Any CPU
		{9CA2EEB2-7767-4374-8AF1-8E149F99EE04}.Release|Any CPU.Build.0 = Debug|Any CPU
		{8045BC8F-3266-45E7-8115-174E0EF1E550}.Debug|Any CPU.ActiveCfg = Debug|Any CPU
		{8045BC8F-3266-45E7-8115-174E0EF1E550}.Debug|Any CPU.Build.0 = Debug|Any CPU
		{8045BC8F-3266-45E7-8115-174E0EF1E550}.Release|Any CPU.ActiveCfg = Release|Any CPU
		{8045BC8F-3266-45E7-8115-174E0EF1E550}.Release|Any CPU.Build.0 = Release|Any CPU
		{2B9897A2-C2E1-4C7B-A965-015DCF106CCA}.Debug|Any CPU.ActiveCfg = Debug|Any CPU
		{2B9897A2-C2E1-4C7B-A965-015DCF106CCA}.Debug|Any CPU.Build.0 = Debug|Any CPU
		{2B9897A2-C2E1-4C7B-A965-015DCF106CCA}.Release|Any CPU.ActiveCfg = Release|Any CPU
		{2B9897A2-C2E1-4C7B-A965-015DCF106CCA}.Release|Any CPU.Build.0 = Release|Any CPU
		{F5988D83-AC9F-4352-AE3F-6F510879BA72}.Debug|Any CPU.ActiveCfg = Debug|Any CPU
		{F5988D83-AC9F-4352-AE3F-6F510879BA72}.Debug|Any CPU.Build.0 = Debug|Any CPU
		{F5988D83-AC9F-4352-AE3F-6F510879BA72}.Release|Any CPU.ActiveCfg = Release|Any CPU
		{F5988D83-AC9F-4352-AE3F-6F510879BA72}.Release|Any CPU.Build.0 = Release|Any CPU
		{D5BAA1B4-EC05-48DE-AE53-2B89AAD3CC9B}.Debug|Any CPU.ActiveCfg = Debug|Any CPU
		{D5BAA1B4-EC05-48DE-AE53-2B89AAD3CC9B}.Debug|Any CPU.Build.0 = Debug|Any CPU
		{D5BAA1B4-EC05-48DE-AE53-2B89AAD3CC9B}.Release|Any CPU.ActiveCfg = Release|Any CPU
		{D5BAA1B4-EC05-48DE-AE53-2B89AAD3CC9B}.Release|Any CPU.Build.0 = Release|Any CPU
		{F6942949-7F23-4680-A5BE-E5027345257F}.Debug|Any CPU.ActiveCfg = Debug|Any CPU
		{F6942949-7F23-4680-A5BE-E5027345257F}.Debug|Any CPU.Build.0 = Debug|Any CPU
		{F6942949-7F23-4680-A5BE-E5027345257F}.Release|Any CPU.ActiveCfg = Release|Any CPU
		{F6942949-7F23-4680-A5BE-E5027345257F}.Release|Any CPU.Build.0 = Release|Any CPU
		{B59F36AD-4F0F-4A99-834B-EC2FB023F31A}.Debug|Any CPU.ActiveCfg = Debug|Any CPU
		{B59F36AD-4F0F-4A99-834B-EC2FB023F31A}.Debug|Any CPU.Build.0 = Debug|Any CPU
		{B59F36AD-4F0F-4A99-834B-EC2FB023F31A}.Release|Any CPU.ActiveCfg = Release|Any CPU
		{B59F36AD-4F0F-4A99-834B-EC2FB023F31A}.Release|Any CPU.Build.0 = Release|Any CPU
		{EBEA2AEE-B14A-4BAB-BFCB-4E88AE6E63E1}.Debug|Any CPU.ActiveCfg = Debug|Any CPU
		{EBEA2AEE-B14A-4BAB-BFCB-4E88AE6E63E1}.Debug|Any CPU.Build.0 = Debug|Any CPU
		{EBEA2AEE-B14A-4BAB-BFCB-4E88AE6E63E1}.Release|Any CPU.ActiveCfg = Release|Any CPU
		{EBEA2AEE-B14A-4BAB-BFCB-4E88AE6E63E1}.Release|Any CPU.Build.0 = Release|Any CPU
		{DC4724E7-801C-4932-8295-B607D35AB011}.Debug|Any CPU.ActiveCfg = Debug|Any CPU
		{DC4724E7-801C-4932-8295-B607D35AB011}.Debug|Any CPU.Build.0 = Debug|Any CPU
		{DC4724E7-801C-4932-8295-B607D35AB011}.Release|Any CPU.ActiveCfg = Release|Any CPU
		{DC4724E7-801C-4932-8295-B607D35AB011}.Release|Any CPU.Build.0 = Release|Any CPU
		{6AEE34EC-8AFD-4F91-9C73-FFD33E84233E}.Debug|Any CPU.ActiveCfg = Debug|Any CPU
		{6AEE34EC-8AFD-4F91-9C73-FFD33E84233E}.Debug|Any CPU.Build.0 = Debug|Any CPU
		{6AEE34EC-8AFD-4F91-9C73-FFD33E84233E}.Release|Any CPU.ActiveCfg = Release|Any CPU
		{6AEE34EC-8AFD-4F91-9C73-FFD33E84233E}.Release|Any CPU.Build.0 = Release|Any CPU
		{00E98FF8-E371-48ED-883E-B538D88AD3BD}.Debug|Any CPU.ActiveCfg = Debug|Any CPU
		{00E98FF8-E371-48ED-883E-B538D88AD3BD}.Debug|Any CPU.Build.0 = Debug|Any CPU
		{00E98FF8-E371-48ED-883E-B538D88AD3BD}.Release|Any CPU.ActiveCfg = Release|Any CPU
		{00E98FF8-E371-48ED-883E-B538D88AD3BD}.Release|Any CPU.Build.0 = Release|Any CPU
		{565FF41F-1240-4D06-BBAB-C58B2688958A}.Debug|Any CPU.ActiveCfg = Debug|Any CPU
		{565FF41F-1240-4D06-BBAB-C58B2688958A}.Debug|Any CPU.Build.0 = Debug|Any CPU
		{565FF41F-1240-4D06-BBAB-C58B2688958A}.Release|Any CPU.ActiveCfg = Release|Any CPU
		{565FF41F-1240-4D06-BBAB-C58B2688958A}.Release|Any CPU.Build.0 = Release|Any CPU
		{E68A0165-C14F-4537-B814-84425E8BD757}.Debug|Any CPU.ActiveCfg = Debug|Any CPU
		{E68A0165-C14F-4537-B814-84425E8BD757}.Debug|Any CPU.Build.0 = Debug|Any CPU
		{E68A0165-C14F-4537-B814-84425E8BD757}.Release|Any CPU.ActiveCfg = Release|Any CPU
		{E68A0165-C14F-4537-B814-84425E8BD757}.Release|Any CPU.Build.0 = Release|Any CPU
		{29D4E770-9278-4916-980B-45889E195828}.Debug|Any CPU.ActiveCfg = Debug|Any CPU
		{29D4E770-9278-4916-980B-45889E195828}.Debug|Any CPU.Build.0 = Debug|Any CPU
		{29D4E770-9278-4916-980B-45889E195828}.Release|Any CPU.ActiveCfg = Release|Any CPU
		{29D4E770-9278-4916-980B-45889E195828}.Release|Any CPU.Build.0 = Release|Any CPU
		{C1526E88-BBEE-4BBF-B44D-4D6DFBD6E719}.Debug|Any CPU.ActiveCfg = Debug|Any CPU
		{C1526E88-BBEE-4BBF-B44D-4D6DFBD6E719}.Debug|Any CPU.Build.0 = Debug|Any CPU
		{C1526E88-BBEE-4BBF-B44D-4D6DFBD6E719}.Release|Any CPU.ActiveCfg = Release|Any CPU
		{C1526E88-BBEE-4BBF-B44D-4D6DFBD6E719}.Release|Any CPU.Build.0 = Release|Any CPU
		{6A1342A6-9951-4111-92D2-9AAEEED2F939}.Debug|Any CPU.ActiveCfg = Debug|Any CPU
		{6A1342A6-9951-4111-92D2-9AAEEED2F939}.Debug|Any CPU.Build.0 = Debug|Any CPU
		{6A1342A6-9951-4111-92D2-9AAEEED2F939}.Release|Any CPU.ActiveCfg = Release|Any CPU
		{6A1342A6-9951-4111-92D2-9AAEEED2F939}.Release|Any CPU.Build.0 = Release|Any CPU
	EndGlobalSection
	GlobalSection(SolutionProperties) = preSolution
		HideSolutionNode = FALSE
	EndGlobalSection
	GlobalSection(NestedProjects) = preSolution
		{F1BE0BA2-50EC-4F2A-86F2-5C013A492AA8} = {096EAC09-37E8-4402-92EF-60BA8FA1F161}
		{A25F8F5B-9B4F-4C7C-BA8A-0B26AD5B22C2} = {096EAC09-37E8-4402-92EF-60BA8FA1F161}
		{4DB50A38-9897-4258-A9F7-87088B85CE00} = {A25F8F5B-9B4F-4C7C-BA8A-0B26AD5B22C2}
		{7C8255D2-DB52-4B29-B044-4F88ECC88B06} = {A25F8F5B-9B4F-4C7C-BA8A-0B26AD5B22C2}
		{E39F9C61-41E9-4BFF-863B-1BA06742E0EC} = {87FE8289-3DDA-4BFC-A89E-93F049533FDF}
		{40647549-CE3B-478F-AA90-DF6CD9B38E6B} = {E39F9C61-41E9-4BFF-863B-1BA06742E0EC}
		{313BFDC9-8E8F-4EC0-AE5C-33D38F4004C9} = {E39F9C61-41E9-4BFF-863B-1BA06742E0EC}
		{AE05B072-C6D2-4A14-A753-66301FE55555} = {E39F9C61-41E9-4BFF-863B-1BA06742E0EC}
		{B65DDC2D-55BA-4EC9-A070-996C4536409C} = {B626132C-962A-498F-811B-B35931EAC6E3}
		{FFBE9C4C-5E07-4C86-83B4-B58BDCCC7D5B} = {E39F9C61-41E9-4BFF-863B-1BA06742E0EC}
		{2549F1D3-E358-46F8-ABAB-3C2A5A27C171} = {FFBE9C4C-5E07-4C86-83B4-B58BDCCC7D5B}
		{A262B361-6066-4D78-A3AE-790F901C0B9B} = {40647549-CE3B-478F-AA90-DF6CD9B38E6B}
		{425556FD-DA31-462A-99AC-07691D3D905B} = {313BFDC9-8E8F-4EC0-AE5C-33D38F4004C9}
		{733905D3-D22F-41FE-938A-AAB473FE1BD9} = {F1BE0BA2-50EC-4F2A-86F2-5C013A492AA8}
		{8F00F7F9-3CF1-4CC8-8AB0-6871747E4AF6} = {F1BE0BA2-50EC-4F2A-86F2-5C013A492AA8}
		{14C99922-1D98-4328-ADCB-1A1FB9946C62} = {AE05B072-C6D2-4A14-A753-66301FE55555}
		{557959D1-FC4D-48B6-AA99-3905CA5613D5} = {7C8255D2-DB52-4B29-B044-4F88ECC88B06}
		{9CA2EEB2-7767-4374-8AF1-8E149F99EE04} = {4DB50A38-9897-4258-A9F7-87088B85CE00}
		{8045BC8F-3266-45E7-8115-174E0EF1E550} = {B65DDC2D-55BA-4EC9-A070-996C4536409C}
		{2B9897A2-C2E1-4C7B-A965-015DCF106CCA} = {B65DDC2D-55BA-4EC9-A070-996C4536409C}
		{0833EDDE-F92B-4B1B-AF5D-DBB583832E38} = {B626132C-962A-498F-811B-B35931EAC6E3}
		{A5E1A950-AC84-40A9-BCF9-05FDDC5EC395} = {B626132C-962A-498F-811B-B35931EAC6E3}
		{1028BF16-826A-4DC3-9736-5D62D5BD9243} = {B626132C-962A-498F-811B-B35931EAC6E3}
		{8704FB70-1B01-4BDA-B8DC-AFCB3B8FE3E3} = {B626132C-962A-498F-811B-B35931EAC6E3}
		{EB394142-DD76-4F9F-9124-248CDAA5EA6A} = {B626132C-962A-498F-811B-B35931EAC6E3}
		{C4252FEE-BFB8-40CE-A499-A9A041EF4607} = {B626132C-962A-498F-811B-B35931EAC6E3}
		{9EB3956A-8B42-4509-ACB5-CA181E93F3BB} = {B626132C-962A-498F-811B-B35931EAC6E3}
		{B2DAD865-F26B-442E-99B1-5A1982C53D02} = {B626132C-962A-498F-811B-B35931EAC6E3}
		{B5198C82-8C8C-4F5C-884E-C184ED2E932A} = {B626132C-962A-498F-811B-B35931EAC6E3}
		{7ED6B65D-90A0-4E02-9DEE-B8E3420D6932} = {B626132C-962A-498F-811B-B35931EAC6E3}
		{3D9CB6DF-2595-41FD-BFDB-27E101CB1E83} = {9EB3956A-8B42-4509-ACB5-CA181E93F3BB}
		{F5988D83-AC9F-4352-AE3F-6F510879BA72} = {0833EDDE-F92B-4B1B-AF5D-DBB583832E38}
		{D5BAA1B4-EC05-48DE-AE53-2B89AAD3CC9B} = {8704FB70-1B01-4BDA-B8DC-AFCB3B8FE3E3}
		{F6942949-7F23-4680-A5BE-E5027345257F} = {3D9CB6DF-2595-41FD-BFDB-27E101CB1E83}
		{B59F36AD-4F0F-4A99-834B-EC2FB023F31A} = {3D9CB6DF-2595-41FD-BFDB-27E101CB1E83}
		{EBEA2AEE-B14A-4BAB-BFCB-4E88AE6E63E1} = {1028BF16-826A-4DC3-9736-5D62D5BD9243}
		{DC4724E7-801C-4932-8295-B607D35AB011} = {7ED6B65D-90A0-4E02-9DEE-B8E3420D6932}
		{6AEE34EC-8AFD-4F91-9C73-FFD33E84233E} = {B2DAD865-F26B-442E-99B1-5A1982C53D02}
		{00E98FF8-E371-48ED-883E-B538D88AD3BD} = {B5198C82-8C8C-4F5C-884E-C184ED2E932A}
		{565FF41F-1240-4D06-BBAB-C58B2688958A} = {B5198C82-8C8C-4F5C-884E-C184ED2E932A}
		{E68A0165-C14F-4537-B814-84425E8BD757} = {C4252FEE-BFB8-40CE-A499-A9A041EF4607}
		{29D4E770-9278-4916-980B-45889E195828} = {A5E1A950-AC84-40A9-BCF9-05FDDC5EC395}
		{ECD1823D-AFBC-460A-A222-C63DEBAD72AB} = {EB394142-DD76-4F9F-9124-248CDAA5EA6A}
		{C1526E88-BBEE-4BBF-B44D-4D6DFBD6E719} = {ECD1823D-AFBC-460A-A222-C63DEBAD72AB}
		{4595DC53-787D-46B3-AB6A-9D16774D369A} = {EB394142-DD76-4F9F-9124-248CDAA5EA6A}
		{6A1342A6-9951-4111-92D2-9AAEEED2F939} = {4595DC53-787D-46B3-AB6A-9D16774D369A}
	EndGlobalSection
EndGlobal
